// !$*UTF8*$!
{
	archiveVersion = 1;
	classes = {
	};
	objectVersion = 46;
	objects = {

/* Begin PBXBuildFile section */
		36EBC0E5AFC696A4CD9BB7CB /* YANCashOperation.m in Sources */ = {isa = PBXBuildFile; fileRef = 36EBCAF01DB7118B006F36D8 /* YANCashOperation.m */; };
		36EBC2C9CD84E5A2FB92E97B /* YANOperationHistory.m in Sources */ = {isa = PBXBuildFile; fileRef = 36EBCD4B3D6330D233FDA25B /* YANOperationHistory.m */; };
		36EBC2E520AE7E540AAD0202 /* YANStartPageViewController.m in Sources */ = {isa = PBXBuildFile; fileRef = 36EBC21597D331BA35AC3424 /* YANStartPageViewController.m */; };
		36EBC2E951E0867145D36DFD /* Main.storyboard in Resources */ = {isa = PBXBuildFile; fileRef = 36EBC657364FF8A1D94BACDD /* Main.storyboard */; };
		36EBC5067916594F6FB51B84 /* YANYMoneyUITests.m in Sources */ = {isa = PBXBuildFile; fileRef = 36EBC9F59BCAED305DC2C7C6 /* YANYMoneyUITests.m */; };
		36EBC548FAD4F91CCBBF9698 /* YANCash.m in Sources */ = {isa = PBXBuildFile; fileRef = 36EBCCC518EADF7505E3B087 /* YANCash.m */; };
		36EBC619A519F9AE23BEA870 /* main.m in Sources */ = {isa = PBXBuildFile; fileRef = 36EBC46EB9D54C9037E90B9F /* main.m */; };
		36EBC9C230023E55BFBFB14E /* YANOperationHistory.m in Sources */ = {isa = PBXBuildFile; fileRef = 36EBCD4B3D6330D233FDA25B /* YANOperationHistory.m */; };
		36EBCCFC2EB1AEDB91E4B3BB /* YANAppDelegate.m in Sources */ = {isa = PBXBuildFile; fileRef = 36EBCC604A86151F2B78B580 /* YANAppDelegate.m */; };
		36EBCEE936089F9998CD6898 /* Assets.xcassets in Resources */ = {isa = PBXBuildFile; fileRef = 36EBC94E75F1C9321B0A11AA /* Assets.xcassets */; };
		36EBCF28D222BDCDAAC7BD11 /* LaunchScreen.storyboard in Resources */ = {isa = PBXBuildFile; fileRef = 36EBC0EBECF875FF0EC98DFB /* LaunchScreen.storyboard */; };
		36EBCFFCBCEFCB36B6305DBE /* YANBalance.m in Sources */ = {isa = PBXBuildFile; fileRef = 36EBC896DD3DB61BB53F1D76 /* YANBalance.m */; };
		CE011B141BE56B8700D820A3 /* YANCash.m in Sources */ = {isa = PBXBuildFile; fileRef = 36EBCCC518EADF7505E3B087 /* YANCash.m */; };
		CE011B151BE56B8C00D820A3 /* YANBalance.m in Sources */ = {isa = PBXBuildFile; fileRef = 36EBC896DD3DB61BB53F1D76 /* YANBalance.m */; };
		CE011B161BE56B9000D820A3 /* YANCashOperation.m in Sources */ = {isa = PBXBuildFile; fileRef = 36EBCAF01DB7118B006F36D8 /* YANCashOperation.m */; };
		CE011B1E1BE56BE100D820A3 /* YMoneyTest.m in Sources */ = {isa = PBXBuildFile; fileRef = CE011B1D1BE56BE100D820A3 /* YMoneyTest.m */; };
		CE34B4DE1C07A38F00FABC44 /* YANBaseUIViewController.m in Sources */ = {isa = PBXBuildFile; fileRef = CE34B4DD1C07A38F00FABC44 /* YANBaseUIViewController.m */; };
		CE34B4EA1C0901A700FABC44 /* CustomSpinner.m in Sources */ = {isa = PBXBuildFile; fileRef = CE34B4E91C0901A700FABC44 /* CustomSpinner.m */; };
		CE67FC591C1829F400A6A5F3 /* YANHashStorage.m in Sources */ = {isa = PBXBuildFile; fileRef = CE67FC581C1829F400A6A5F3 /* YANHashStorage.m */; };
		CE67FC5C1C183B6800A6A5F3 /* YMAAccountInfoModel+NsCoding.m in Sources */ = {isa = PBXBuildFile; fileRef = CE67FC5B1C183B6800A6A5F3 /* YMAAccountInfoModel+NsCoding.m */; };
		CE97936D1C03CEAF00DAC14B /* YANYandexMoneyServer.m in Sources */ = {isa = PBXBuildFile; fileRef = CE97936C1C03CEAF00DAC14B /* YANYandexMoneyServer.m */; };
		CE97936E1C03CEAF00DAC14B /* YANYandexMoneyServer.m in Sources */ = {isa = PBXBuildFile; fileRef = CE97936C1C03CEAF00DAC14B /* YANYandexMoneyServer.m */; };
		CEA4746E1BFCE22B0073960E /* NSException+POSRx.m in Sources */ = {isa = PBXBuildFile; fileRef = CEA474411BFCE22B0073960E /* NSException+POSRx.m */; };
		CEC381E21BE80B0200700DAF /* YMAAccountInfoModel.m in Sources */ = {isa = PBXBuildFile; fileRef = CEC381301BE80B0200700DAF /* YMAAccountInfoModel.m */; };
		CEC381E31BE80B0200700DAF /* YMAAvatarModel.m in Sources */ = {isa = PBXBuildFile; fileRef = CEC381321BE80B0200700DAF /* YMAAvatarModel.m */; };
		CEC381E41BE80B0200700DAF /* YMABalanceDetailsModel.m in Sources */ = {isa = PBXBuildFile; fileRef = CEC381341BE80B0200700DAF /* YMABalanceDetailsModel.m */; };
		CEC381E51BE80B0200700DAF /* YMAHistoryOperationModel.m in Sources */ = {isa = PBXBuildFile; fileRef = CEC381361BE80B0200700DAF /* YMAHistoryOperationModel.m */; };
		CEC381E61BE80B0200700DAF /* YMAOperationDetailsModel.m in Sources */ = {isa = PBXBuildFile; fileRef = CEC381381BE80B0200700DAF /* YMAOperationDetailsModel.m */; };
		CEC381E71BE80B0200700DAF /* YMAExternalPaymentInfoModel.m in Sources */ = {isa = PBXBuildFile; fileRef = CEC3813C1BE80B0200700DAF /* YMAExternalPaymentInfoModel.m */; };
		CEC381E81BE80B0200700DAF /* YMACardsSourceGroupModel.m in Sources */ = {isa = PBXBuildFile; fileRef = CEC3813F1BE80B0200700DAF /* YMACardsSourceGroupModel.m */; };
		CEC381E91BE80B0200700DAF /* YMAMoneySourceModel.m in Sources */ = {isa = PBXBuildFile; fileRef = CEC381411BE80B0200700DAF /* YMAMoneySourceModel.m */; };
		CEC381EA1BE80B0200700DAF /* YMAMoneySourcesModel.m in Sources */ = {isa = PBXBuildFile; fileRef = CEC381431BE80B0200700DAF /* YMAMoneySourcesModel.m */; };
		CEC381EB1BE80B0200700DAF /* YMAWalletSourceGroupModel.m in Sources */ = {isa = PBXBuildFile; fileRef = CEC381451BE80B0200700DAF /* YMAWalletSourceGroupModel.m */; };
		CEC381EC1BE80B0200700DAF /* YMAAscModel.m in Sources */ = {isa = PBXBuildFile; fileRef = CEC381471BE80B0200700DAF /* YMAAscModel.m */; };
		CEC381ED1BE80B0200700DAF /* YMADigitalGoodsModel.m in Sources */ = {isa = PBXBuildFile; fileRef = CEC381491BE80B0200700DAF /* YMADigitalGoodsModel.m */; };
		CEC381EE1BE80B0200700DAF /* YMAGoodsModel.m in Sources */ = {isa = PBXBuildFile; fileRef = CEC3814B1BE80B0200700DAF /* YMAGoodsModel.m */; };
		CEC381EF1BE80B0200700DAF /* YMAPaymentInfoModel.m in Sources */ = {isa = PBXBuildFile; fileRef = CEC3814D1BE80B0200700DAF /* YMAPaymentInfoModel.m */; };
		CEC381F01BE80B0200700DAF /* YMAPaymentResultModel.m in Sources */ = {isa = PBXBuildFile; fileRef = CEC3814F1BE80B0200700DAF /* YMAPaymentResultModel.m */; };
		CEC381F11BE80B0200700DAF /* YMAAccountInfoRequest.m in Sources */ = {isa = PBXBuildFile; fileRef = CEC381531BE80B0200700DAF /* YMAAccountInfoRequest.m */; };
		CEC381F21BE80B0200700DAF /* YMAChangeAvatarRequest.m in Sources */ = {isa = PBXBuildFile; fileRef = CEC381551BE80B0200700DAF /* YMAChangeAvatarRequest.m */; };
		CEC381F31BE80B0200700DAF /* YMAHistoryOperationsRequest.m in Sources */ = {isa = PBXBuildFile; fileRef = CEC381571BE80B0200700DAF /* YMAHistoryOperationsRequest.m */; };
		CEC381F41BE80B0200700DAF /* YMAOperationDetailsRequest.m in Sources */ = {isa = PBXBuildFile; fileRef = CEC381591BE80B0200700DAF /* YMAOperationDetailsRequest.m */; };
		CEC381F51BE80B0200700DAF /* YMAExternalPaymentRequest.m in Sources */ = {isa = PBXBuildFile; fileRef = CEC3815D1BE80B0200700DAF /* YMAExternalPaymentRequest.m */; };
		CEC381F61BE80B0200700DAF /* YMAProcessExternalPaymentRequest.m in Sources */ = {isa = PBXBuildFile; fileRef = CEC3815F1BE80B0200700DAF /* YMAProcessExternalPaymentRequest.m */; };
		CEC381F71BE80B0200700DAF /* YMAIncomingTransferAcceptRequest.m in Sources */ = {isa = PBXBuildFile; fileRef = CEC381611BE80B0200700DAF /* YMAIncomingTransferAcceptRequest.m */; };
		CEC381F81BE80B0200700DAF /* YMAIncomingTransferRejectRequest.m in Sources */ = {isa = PBXBuildFile; fileRef = CEC381631BE80B0200700DAF /* YMAIncomingTransferRejectRequest.m */; };
		CEC381F91BE80B0200700DAF /* YMAPaymentRequest.m in Sources */ = {isa = PBXBuildFile; fileRef = CEC381651BE80B0200700DAF /* YMAPaymentRequest.m */; };
		CEC381FA1BE80B0200700DAF /* YMAProcessPaymentRequest.m in Sources */ = {isa = PBXBuildFile; fileRef = CEC381671BE80B0200700DAF /* YMAProcessPaymentRequest.m */; };
		CEC381FB1BE80B0200700DAF /* YMABaseRequest.m in Sources */ = {isa = PBXBuildFile; fileRef = CEC381691BE80B0200700DAF /* YMABaseRequest.m */; };
		CEC381FC1BE80B0200700DAF /* YMAAccountInfoResponse.m in Sources */ = {isa = PBXBuildFile; fileRef = CEC3816D1BE80B0200700DAF /* YMAAccountInfoResponse.m */; };
		CEC381FD1BE80B0200700DAF /* YMAHistoryOperationsResponse.m in Sources */ = {isa = PBXBuildFile; fileRef = CEC3816F1BE80B0200700DAF /* YMAHistoryOperationsResponse.m */; };
		CEC381FE1BE80B0200700DAF /* YMAOperationDetailsResponse.m in Sources */ = {isa = PBXBuildFile; fileRef = CEC381711BE80B0200700DAF /* YMAOperationDetailsResponse.m */; };
		CEC381FF1BE80B0200700DAF /* YMAExternalPaymentResponse.m in Sources */ = {isa = PBXBuildFile; fileRef = CEC381751BE80B0200700DAF /* YMAExternalPaymentResponse.m */; };
		CEC382001BE80B0200700DAF /* YMAProcessExternalPaymentResponse.m in Sources */ = {isa = PBXBuildFile; fileRef = CEC381771BE80B0200700DAF /* YMAProcessExternalPaymentResponse.m */; };
		CEC382011BE80B0200700DAF /* YMAIncomingTransferAcceptResponse.m in Sources */ = {isa = PBXBuildFile; fileRef = CEC381791BE80B0200700DAF /* YMAIncomingTransferAcceptResponse.m */; };
		CEC382021BE80B0200700DAF /* YMAPaymentResponse.m in Sources */ = {isa = PBXBuildFile; fileRef = CEC3817B1BE80B0200700DAF /* YMAPaymentResponse.m */; };
		CEC382031BE80B0200700DAF /* YMAProcessPaymentResponse.m in Sources */ = {isa = PBXBuildFile; fileRef = CEC3817D1BE80B0200700DAF /* YMAProcessPaymentResponse.m */; };
		CEC382041BE80B0200700DAF /* YMABaseProcessResponse.m in Sources */ = {isa = PBXBuildFile; fileRef = CEC3817F1BE80B0200700DAF /* YMABaseProcessResponse.m */; };
		CEC382051BE80B0200700DAF /* YMABaseResponse.m in Sources */ = {isa = PBXBuildFile; fileRef = CEC381811BE80B0200700DAF /* YMABaseResponse.m */; };
		CEC382061BE80B0200700DAF /* YMAAPISession.m in Sources */ = {isa = PBXBuildFile; fileRef = CEC381841BE80B0200700DAF /* YMAAPISession.m */; };
		CEC382071BE80B0200700DAF /* YMABaseSession.m in Sources */ = {isa = PBXBuildFile; fileRef = CEC381861BE80B0200700DAF /* YMABaseSession.m */; };
		CEC382081BE80B0200700DAF /* YMAExternalPaymentSession.m in Sources */ = {isa = PBXBuildFile; fileRef = CEC381881BE80B0200700DAF /* YMAExternalPaymentSession.m */; };
		CEC382091BE80B0200700DAF /* YMAConnection.m in Sources */ = {isa = PBXBuildFile; fileRef = CEC3818A1BE80B0200700DAF /* YMAConnection.m */; };
		CEC3820A1BE80B0200700DAF /* YMAConstants.m in Sources */ = {isa = PBXBuildFile; fileRef = CEC3818C1BE80B0200700DAF /* YMAConstants.m */; };
		CEC3820B1BE80B0200700DAF /* YMAHostsProvider.m in Sources */ = {isa = PBXBuildFile; fileRef = CEC3818E1BE80B0200700DAF /* YMAHostsProvider.m */; };
		CED80BA11BDD032500159505 /* YANAuthorizationViewController.m in Sources */ = {isa = PBXBuildFile; fileRef = CED80BA01BDD032500159505 /* YANAuthorizationViewController.m */; };
		CED80BA41BDD05D600159505 /* YANWalletViewController.m in Sources */ = {isa = PBXBuildFile; fileRef = CED80BA31BDD05D600159505 /* YANWalletViewController.m */; };
		CED80BA71BDD07AF00159505 /* YANOperationHistoryViewController.m in Sources */ = {isa = PBXBuildFile; fileRef = CED80BA61BDD07AF00159505 /* YANOperationHistoryViewController.m */; };
		CEF4BFDF1C106D0100DCA458 /* SwiftSpinner.swift in Sources */ = {isa = PBXBuildFile; fileRef = CEF4BFDE1C106D0100DCA458 /* SwiftSpinner.swift */; };
		CEF4BFE81C14F13D00DCA458 /* YANUICircleImageView.m in Sources */ = {isa = PBXBuildFile; fileRef = CEF4BFE71C14F13D00DCA458 /* YANUICircleImageView.m */; };
		CEF4BFEF1C16280800DCA458 /* YMAHistoryOperationModel+NSCoding.m in Sources */ = {isa = PBXBuildFile; fileRef = CEF4BFEC1C15A31D00DCA458 /* YMAHistoryOperationModel+NSCoding.m */; };
		CEF700651BE9695D00980D2D /* YANKeyStorage.m in Sources */ = {isa = PBXBuildFile; fileRef = CEF700641BE9695D00980D2D /* YANKeyStorage.m */; };
		CEF7C3431C0A83BE0067EDD8 /* YANOperationDateView.m in Sources */ = {isa = PBXBuildFile; fileRef = CEF7C3411C0A83BE0067EDD8 /* YANOperationDateView.m */; };
		CEF7C3441C0A83BE0067EDD8 /* YANOperationDateView.xib in Resources */ = {isa = PBXBuildFile; fileRef = CEF7C3421C0A83BE0067EDD8 /* YANOperationDateView.xib */; };
		CEF7C3471C0A880B0067EDD8 /* YANOperationDateView+YMAHistoryOperationModel.m in Sources */ = {isa = PBXBuildFile; fileRef = CEF7C3461C0A880B0067EDD8 /* YANOperationDateView+YMAHistoryOperationModel.m */; };
		CEF7C34D1C0A96C90067EDD8 /* YANOperationDetailsView.m in Sources */ = {isa = PBXBuildFile; fileRef = CEF7C34B1C0A96C90067EDD8 /* YANOperationDetailsView.m */; };
		CEF7C34E1C0A96C90067EDD8 /* YANOperationDetailsView.xib in Resources */ = {isa = PBXBuildFile; fileRef = CEF7C34C1C0A96C90067EDD8 /* YANOperationDetailsView.xib */; };
		CEF7C3541C0AFCD60067EDD8 /* YANOperationDetailsView+YMAHistoryOperationModel.m in Sources */ = {isa = PBXBuildFile; fileRef = CEF7C3531C0AFCD60067EDD8 /* YANOperationDetailsView+YMAHistoryOperationModel.m */; };
		CEF7C40E1C0C59D90067EDD8 /* AFHTTPRequestOperation.m in Sources */ = {isa = PBXBuildFile; fileRef = CEF7C3631C0C59D80067EDD8 /* AFHTTPRequestOperation.m */; };
		CEF7C40F1C0C59D90067EDD8 /* AFHTTPRequestOperationManager.m in Sources */ = {isa = PBXBuildFile; fileRef = CEF7C3651C0C59D80067EDD8 /* AFHTTPRequestOperationManager.m */; };
		CEF7C4101C0C59D90067EDD8 /* AFHTTPSessionManager.m in Sources */ = {isa = PBXBuildFile; fileRef = CEF7C3671C0C59D80067EDD8 /* AFHTTPSessionManager.m */; };
		CEF7C4111C0C59D90067EDD8 /* AFNetworkReachabilityManager.m in Sources */ = {isa = PBXBuildFile; fileRef = CEF7C36A1C0C59D80067EDD8 /* AFNetworkReachabilityManager.m */; };
		CEF7C4121C0C59D90067EDD8 /* AFSecurityPolicy.m in Sources */ = {isa = PBXBuildFile; fileRef = CEF7C36C1C0C59D80067EDD8 /* AFSecurityPolicy.m */; };
		CEF7C4131C0C59D90067EDD8 /* AFURLConnectionOperation.m in Sources */ = {isa = PBXBuildFile; fileRef = CEF7C36E1C0C59D80067EDD8 /* AFURLConnectionOperation.m */; };
		CEF7C4141C0C59D90067EDD8 /* AFURLRequestSerialization.m in Sources */ = {isa = PBXBuildFile; fileRef = CEF7C3701C0C59D80067EDD8 /* AFURLRequestSerialization.m */; };
		CEF7C4151C0C59D90067EDD8 /* AFURLResponseSerialization.m in Sources */ = {isa = PBXBuildFile; fileRef = CEF7C3721C0C59D80067EDD8 /* AFURLResponseSerialization.m */; };
		CEF7C4161C0C59D90067EDD8 /* AFURLSessionManager.m in Sources */ = {isa = PBXBuildFile; fileRef = CEF7C3741C0C59D80067EDD8 /* AFURLSessionManager.m */; };
		CEF7C4681C0C59DA0067EDD8 /* AFNetworkActivityIndicatorManager.m in Sources */ = {isa = PBXBuildFile; fileRef = CEF7C3FA1C0C59D90067EDD8 /* AFNetworkActivityIndicatorManager.m */; };
		CEF7C4691C0C59DA0067EDD8 /* UIActivityIndicatorView+AFNetworking.m in Sources */ = {isa = PBXBuildFile; fileRef = CEF7C3FC1C0C59D90067EDD8 /* UIActivityIndicatorView+AFNetworking.m */; };
		CEF7C46A1C0C59DA0067EDD8 /* UIAlertView+AFNetworking.m in Sources */ = {isa = PBXBuildFile; fileRef = CEF7C3FE1C0C59D90067EDD8 /* UIAlertView+AFNetworking.m */; };
		CEF7C46B1C0C59DA0067EDD8 /* UIButton+AFNetworking.m in Sources */ = {isa = PBXBuildFile; fileRef = CEF7C4001C0C59D90067EDD8 /* UIButton+AFNetworking.m */; };
		CEF7C46C1C0C59DA0067EDD8 /* UIImageView+AFNetworking.m in Sources */ = {isa = PBXBuildFile; fileRef = CEF7C4031C0C59D90067EDD8 /* UIImageView+AFNetworking.m */; };
		CEF7C46D1C0C59DA0067EDD8 /* UIProgressView+AFNetworking.m in Sources */ = {isa = PBXBuildFile; fileRef = CEF7C4061C0C59D90067EDD8 /* UIProgressView+AFNetworking.m */; };
		CEF7C46E1C0C59DA0067EDD8 /* UIRefreshControl+AFNetworking.m in Sources */ = {isa = PBXBuildFile; fileRef = CEF7C4081C0C59D90067EDD8 /* UIRefreshControl+AFNetworking.m */; };
		CEF7C46F1C0C59DA0067EDD8 /* UIWebView+AFNetworking.m in Sources */ = {isa = PBXBuildFile; fileRef = CEF7C40A1C0C59D90067EDD8 /* UIWebView+AFNetworking.m */; };
/* End PBXBuildFile section */

/* Begin PBXContainerItemProxy section */
		36EBC083411CABA5E7135D84 /* PBXContainerItemProxy */ = {
			isa = PBXContainerItemProxy;
			containerPortal = 36EBC73C5D66AF6B00CAE276 /* Project object */;
			proxyType = 1;
			remoteGlobalIDString = 36EBCDB9B3A5AD0AA8AD9F1F;
			remoteInfo = HomeWork1;
		};
		36EBC75EC47CB8499FFA9CD1 /* PBXContainerItemProxy */ = {
			isa = PBXContainerItemProxy;
			containerPortal = 36EBC73C5D66AF6B00CAE276 /* Project object */;
			proxyType = 1;
			remoteGlobalIDString = 36EBCDB9B3A5AD0AA8AD9F1F;
			remoteInfo = HomeWork1;
		};
		CE011B201BE56BE100D820A3 /* PBXContainerItemProxy */ = {
			isa = PBXContainerItemProxy;
			containerPortal = 36EBC73C5D66AF6B00CAE276 /* Project object */;
			proxyType = 1;
			remoteGlobalIDString = 36EBCDB9B3A5AD0AA8AD9F1F;
			remoteInfo = YMoney;
		};
/* End PBXContainerItemProxy section */

/* Begin PBXFileReference section */
		36EBC00AAA552839EF148BDD /* YMoney.xctest */ = {isa = PBXFileReference; explicitFileType = wrapper.cfbundle; includeInIndex = 0; path = YMoney.xctest; sourceTree = BUILT_PRODUCTS_DIR; };
		36EBC183AA92723E5DD7A881 /* Info.plist */ = {isa = PBXFileReference; lastKnownFileType = text.plist.xml; path = Info.plist; sourceTree = "<group>"; };
		36EBC21597D331BA35AC3424 /* YANStartPageViewController.m */ = {isa = PBXFileReference; lastKnownFileType = sourcecode.c.objc; path = YANStartPageViewController.m; sourceTree = "<group>"; };
		36EBC24066A6F348A557D302 /* Info.plist */ = {isa = PBXFileReference; lastKnownFileType = text.plist.info; path = Info.plist; sourceTree = "<group>"; };
		36EBC46EB9D54C9037E90B9F /* main.m */ = {isa = PBXFileReference; lastKnownFileType = sourcecode.c.objc; path = main.m; sourceTree = "<group>"; };
		36EBC62C8ECD757606340326 /* Base */ = {isa = PBXFileReference; lastKnownFileType = file.storyboard; name = Base; path = Base.lproj/LaunchScreen.storyboard; sourceTree = "<group>"; };
		36EBC7AB21378EEFB10EDA1A /* YANStartPageViewController.h */ = {isa = PBXFileReference; lastKnownFileType = sourcecode.c.h; path = YANStartPageViewController.h; sourceTree = "<group>"; };
		36EBC7C44C90513F55016D16 /* YMoney.app */ = {isa = PBXFileReference; explicitFileType = wrapper.application; includeInIndex = 0; path = YMoney.app; sourceTree = BUILT_PRODUCTS_DIR; };
		36EBC896DD3DB61BB53F1D76 /* YANBalance.m */ = {isa = PBXFileReference; fileEncoding = 4; lastKnownFileType = sourcecode.c.objc; path = YANBalance.m; sourceTree = "<group>"; };
		36EBC94E75F1C9321B0A11AA /* Assets.xcassets */ = {isa = PBXFileReference; lastKnownFileType = folder.assetcatalog; path = Assets.xcassets; sourceTree = "<group>"; };
		36EBC9F59BCAED305DC2C7C6 /* YANYMoneyUITests.m */ = {isa = PBXFileReference; lastKnownFileType = sourcecode.c.objc; path = YANYMoneyUITests.m; sourceTree = "<group>"; };
		36EBCA0F94697E72E920E80A /* YANCashOperation.h */ = {isa = PBXFileReference; fileEncoding = 4; lastKnownFileType = sourcecode.c.h; path = YANCashOperation.h; sourceTree = "<group>"; };
		36EBCA9B8150B91B57AEEE23 /* YANOperationHistory.h */ = {isa = PBXFileReference; fileEncoding = 4; lastKnownFileType = sourcecode.c.h; path = YANOperationHistory.h; sourceTree = "<group>"; };
		36EBCAF01DB7118B006F36D8 /* YANCashOperation.m */ = {isa = PBXFileReference; fileEncoding = 4; lastKnownFileType = sourcecode.c.objc; path = YANCashOperation.m; sourceTree = "<group>"; };
		36EBCC604A86151F2B78B580 /* YANAppDelegate.m */ = {isa = PBXFileReference; lastKnownFileType = sourcecode.c.objc; path = YANAppDelegate.m; sourceTree = "<group>"; };
		36EBCC836E1C6A99AB0643A2 /* YANAppDelegate.h */ = {isa = PBXFileReference; lastKnownFileType = sourcecode.c.h; path = YANAppDelegate.h; sourceTree = "<group>"; };
		36EBCC8E13ED1129E3BBBA13 /* Base */ = {isa = PBXFileReference; lastKnownFileType = file.storyboard; name = Base; path = Base.lproj/Main.storyboard; sourceTree = "<group>"; };
		36EBCCC518EADF7505E3B087 /* YANCash.m */ = {isa = PBXFileReference; fileEncoding = 4; lastKnownFileType = sourcecode.c.objc; path = YANCash.m; sourceTree = "<group>"; };
		36EBCD4B3D6330D233FDA25B /* YANOperationHistory.m */ = {isa = PBXFileReference; fileEncoding = 4; lastKnownFileType = sourcecode.c.objc; path = YANOperationHistory.m; sourceTree = "<group>"; };
		36EBCE60636C7417B7747425 /* YANCash.h */ = {isa = PBXFileReference; fileEncoding = 4; lastKnownFileType = sourcecode.c.h; path = YANCash.h; sourceTree = "<group>"; };
		36EBCE702E9BD62F1A17CB73 /* YMoney.xctest */ = {isa = PBXFileReference; explicitFileType = wrapper.cfbundle; includeInIndex = 0; path = YMoney.xctest; sourceTree = BUILT_PRODUCTS_DIR; };
		36EBCE7ADB7F9D26CCE27571 /* YANBalance.h */ = {isa = PBXFileReference; fileEncoding = 4; lastKnownFileType = sourcecode.c.h; path = YANBalance.h; sourceTree = "<group>"; };
		CE011B1B1BE56BE100D820A3 /* YMoneyTest.xctest */ = {isa = PBXFileReference; explicitFileType = wrapper.cfbundle; includeInIndex = 0; path = YMoneyTest.xctest; sourceTree = BUILT_PRODUCTS_DIR; };
		CE011B1D1BE56BE100D820A3 /* YMoneyTest.m */ = {isa = PBXFileReference; lastKnownFileType = sourcecode.c.objc; path = YMoneyTest.m; sourceTree = "<group>"; };
		CE011B1F1BE56BE100D820A3 /* Info.plist */ = {isa = PBXFileReference; lastKnownFileType = text.plist.xml; path = Info.plist; sourceTree = "<group>"; };
		CE34B4D81C079C5C00FABC44 /* YANServerProtocol.h */ = {isa = PBXFileReference; fileEncoding = 4; lastKnownFileType = sourcecode.c.h; path = YANServerProtocol.h; sourceTree = "<group>"; };
		CE34B4DC1C07A38F00FABC44 /* YANBaseUIViewController.h */ = {isa = PBXFileReference; fileEncoding = 4; lastKnownFileType = sourcecode.c.h; path = YANBaseUIViewController.h; sourceTree = "<group>"; };
		CE34B4DD1C07A38F00FABC44 /* YANBaseUIViewController.m */ = {isa = PBXFileReference; fileEncoding = 4; lastKnownFileType = sourcecode.c.objc; path = YANBaseUIViewController.m; sourceTree = "<group>"; };
		CE34B4E81C0901A700FABC44 /* CustomSpinner.h */ = {isa = PBXFileReference; fileEncoding = 4; lastKnownFileType = sourcecode.c.h; path = CustomSpinner.h; sourceTree = "<group>"; };
		CE34B4E91C0901A700FABC44 /* CustomSpinner.m */ = {isa = PBXFileReference; fileEncoding = 4; lastKnownFileType = sourcecode.c.objc; path = CustomSpinner.m; sourceTree = "<group>"; };
		CE67FC571C1829F400A6A5F3 /* YANHashStorage.h */ = {isa = PBXFileReference; fileEncoding = 4; lastKnownFileType = sourcecode.c.h; path = YANHashStorage.h; sourceTree = "<group>"; };
		CE67FC581C1829F400A6A5F3 /* YANHashStorage.m */ = {isa = PBXFileReference; fileEncoding = 4; lastKnownFileType = sourcecode.c.objc; path = YANHashStorage.m; sourceTree = "<group>"; };
		CE67FC5A1C183B6800A6A5F3 /* YMAAccountInfoModel+NSCoding.h */ = {isa = PBXFileReference; fileEncoding = 4; lastKnownFileType = sourcecode.c.h; path = "YMAAccountInfoModel+NSCoding.h"; sourceTree = "<group>"; };
		CE67FC5B1C183B6800A6A5F3 /* YMAAccountInfoModel+NsCoding.m */ = {isa = PBXFileReference; fileEncoding = 4; lastKnownFileType = sourcecode.c.objc; path = "YMAAccountInfoModel+NsCoding.m"; sourceTree = "<group>"; };
		CE97936B1C03CEAF00DAC14B /* YANYandexMoneyServer.h */ = {isa = PBXFileReference; fileEncoding = 4; lastKnownFileType = sourcecode.c.h; path = YANYandexMoneyServer.h; sourceTree = "<group>"; };
		CE97936C1C03CEAF00DAC14B /* YANYandexMoneyServer.m */ = {isa = PBXFileReference; fileEncoding = 4; lastKnownFileType = sourcecode.c.objc; path = YANYandexMoneyServer.m; sourceTree = "<group>"; };
		CEA474021BFCE22B0073960E /* .gitignore */ = {isa = PBXFileReference; fileEncoding = 4; lastKnownFileType = text; path = .gitignore; sourceTree = "<group>"; };
		CEA474031BFCE22B0073960E /* LICENSE */ = {isa = PBXFileReference; fileEncoding = 4; lastKnownFileType = text; path = LICENSE; sourceTree = "<group>"; };
		CEA474041BFCE22B0073960E /* Podfile */ = {isa = PBXFileReference; fileEncoding = 4; lastKnownFileType = text; path = Podfile; sourceTree = "<group>"; };
		CEA474401BFCE22B0073960E /* NSException+POSRx.h */ = {isa = PBXFileReference; fileEncoding = 4; lastKnownFileType = sourcecode.c.h; path = "NSException+POSRx.h"; sourceTree = "<group>"; };
		CEA474411BFCE22B0073960E /* NSException+POSRx.m */ = {isa = PBXFileReference; fileEncoding = 4; lastKnownFileType = sourcecode.c.objc; path = "NSException+POSRx.m"; sourceTree = "<group>"; };
		CEA474431BFCE22B0073960E /* POSRx.podspec */ = {isa = PBXFileReference; fileEncoding = 4; lastKnownFileType = text; path = POSRx.podspec; sourceTree = "<group>"; };
		CEC3812F1BE80B0200700DAF /* YMAAccountInfoModel.h */ = {isa = PBXFileReference; fileEncoding = 4; lastKnownFileType = sourcecode.c.h; path = YMAAccountInfoModel.h; sourceTree = "<group>"; };
		CEC381301BE80B0200700DAF /* YMAAccountInfoModel.m */ = {isa = PBXFileReference; fileEncoding = 4; lastKnownFileType = sourcecode.c.objc; path = YMAAccountInfoModel.m; sourceTree = "<group>"; };
		CEC381311BE80B0200700DAF /* YMAAvatarModel.h */ = {isa = PBXFileReference; fileEncoding = 4; lastKnownFileType = sourcecode.c.h; path = YMAAvatarModel.h; sourceTree = "<group>"; };
		CEC381321BE80B0200700DAF /* YMAAvatarModel.m */ = {isa = PBXFileReference; fileEncoding = 4; lastKnownFileType = sourcecode.c.objc; path = YMAAvatarModel.m; sourceTree = "<group>"; };
		CEC381331BE80B0200700DAF /* YMABalanceDetailsModel.h */ = {isa = PBXFileReference; fileEncoding = 4; lastKnownFileType = sourcecode.c.h; path = YMABalanceDetailsModel.h; sourceTree = "<group>"; };
		CEC381341BE80B0200700DAF /* YMABalanceDetailsModel.m */ = {isa = PBXFileReference; fileEncoding = 4; lastKnownFileType = sourcecode.c.objc; path = YMABalanceDetailsModel.m; sourceTree = "<group>"; };
		CEC381351BE80B0200700DAF /* YMAHistoryOperationModel.h */ = {isa = PBXFileReference; fileEncoding = 4; lastKnownFileType = sourcecode.c.h; path = YMAHistoryOperationModel.h; sourceTree = "<group>"; };
		CEC381361BE80B0200700DAF /* YMAHistoryOperationModel.m */ = {isa = PBXFileReference; fileEncoding = 4; lastKnownFileType = sourcecode.c.objc; path = YMAHistoryOperationModel.m; sourceTree = "<group>"; };
		CEC381371BE80B0200700DAF /* YMAOperationDetailsModel.h */ = {isa = PBXFileReference; fileEncoding = 4; lastKnownFileType = sourcecode.c.h; path = YMAOperationDetailsModel.h; sourceTree = "<group>"; };
		CEC381381BE80B0200700DAF /* YMAOperationDetailsModel.m */ = {isa = PBXFileReference; fileEncoding = 4; lastKnownFileType = sourcecode.c.objc; path = YMAOperationDetailsModel.m; sourceTree = "<group>"; };
		CEC3813B1BE80B0200700DAF /* YMAExternalPaymentInfoModel.h */ = {isa = PBXFileReference; fileEncoding = 4; lastKnownFileType = sourcecode.c.h; path = YMAExternalPaymentInfoModel.h; sourceTree = "<group>"; };
		CEC3813C1BE80B0200700DAF /* YMAExternalPaymentInfoModel.m */ = {isa = PBXFileReference; fileEncoding = 4; lastKnownFileType = sourcecode.c.objc; path = YMAExternalPaymentInfoModel.m; sourceTree = "<group>"; };
		CEC3813E1BE80B0200700DAF /* YMACardsSourceGroupModel.h */ = {isa = PBXFileReference; fileEncoding = 4; lastKnownFileType = sourcecode.c.h; path = YMACardsSourceGroupModel.h; sourceTree = "<group>"; };
		CEC3813F1BE80B0200700DAF /* YMACardsSourceGroupModel.m */ = {isa = PBXFileReference; fileEncoding = 4; lastKnownFileType = sourcecode.c.objc; path = YMACardsSourceGroupModel.m; sourceTree = "<group>"; };
		CEC381401BE80B0200700DAF /* YMAMoneySourceModel.h */ = {isa = PBXFileReference; fileEncoding = 4; lastKnownFileType = sourcecode.c.h; path = YMAMoneySourceModel.h; sourceTree = "<group>"; };
		CEC381411BE80B0200700DAF /* YMAMoneySourceModel.m */ = {isa = PBXFileReference; fileEncoding = 4; lastKnownFileType = sourcecode.c.objc; path = YMAMoneySourceModel.m; sourceTree = "<group>"; };
		CEC381421BE80B0200700DAF /* YMAMoneySourcesModel.h */ = {isa = PBXFileReference; fileEncoding = 4; lastKnownFileType = sourcecode.c.h; path = YMAMoneySourcesModel.h; sourceTree = "<group>"; };
		CEC381431BE80B0200700DAF /* YMAMoneySourcesModel.m */ = {isa = PBXFileReference; fileEncoding = 4; lastKnownFileType = sourcecode.c.objc; path = YMAMoneySourcesModel.m; sourceTree = "<group>"; };
		CEC381441BE80B0200700DAF /* YMAWalletSourceGroupModel.h */ = {isa = PBXFileReference; fileEncoding = 4; lastKnownFileType = sourcecode.c.h; path = YMAWalletSourceGroupModel.h; sourceTree = "<group>"; };
		CEC381451BE80B0200700DAF /* YMAWalletSourceGroupModel.m */ = {isa = PBXFileReference; fileEncoding = 4; lastKnownFileType = sourcecode.c.objc; path = YMAWalletSourceGroupModel.m; sourceTree = "<group>"; };
		CEC381461BE80B0200700DAF /* YMAAscModel.h */ = {isa = PBXFileReference; fileEncoding = 4; lastKnownFileType = sourcecode.c.h; path = YMAAscModel.h; sourceTree = "<group>"; };
		CEC381471BE80B0200700DAF /* YMAAscModel.m */ = {isa = PBXFileReference; fileEncoding = 4; lastKnownFileType = sourcecode.c.objc; path = YMAAscModel.m; sourceTree = "<group>"; };
		CEC381481BE80B0200700DAF /* YMADigitalGoodsModel.h */ = {isa = PBXFileReference; fileEncoding = 4; lastKnownFileType = sourcecode.c.h; path = YMADigitalGoodsModel.h; sourceTree = "<group>"; };
		CEC381491BE80B0200700DAF /* YMADigitalGoodsModel.m */ = {isa = PBXFileReference; fileEncoding = 4; lastKnownFileType = sourcecode.c.objc; path = YMADigitalGoodsModel.m; sourceTree = "<group>"; };
		CEC3814A1BE80B0200700DAF /* YMAGoodsModel.h */ = {isa = PBXFileReference; fileEncoding = 4; lastKnownFileType = sourcecode.c.h; path = YMAGoodsModel.h; sourceTree = "<group>"; };
		CEC3814B1BE80B0200700DAF /* YMAGoodsModel.m */ = {isa = PBXFileReference; fileEncoding = 4; lastKnownFileType = sourcecode.c.objc; path = YMAGoodsModel.m; sourceTree = "<group>"; };
		CEC3814C1BE80B0200700DAF /* YMAPaymentInfoModel.h */ = {isa = PBXFileReference; fileEncoding = 4; lastKnownFileType = sourcecode.c.h; path = YMAPaymentInfoModel.h; sourceTree = "<group>"; };
		CEC3814D1BE80B0200700DAF /* YMAPaymentInfoModel.m */ = {isa = PBXFileReference; fileEncoding = 4; lastKnownFileType = sourcecode.c.objc; path = YMAPaymentInfoModel.m; sourceTree = "<group>"; };
		CEC3814E1BE80B0200700DAF /* YMAPaymentResultModel.h */ = {isa = PBXFileReference; fileEncoding = 4; lastKnownFileType = sourcecode.c.h; path = YMAPaymentResultModel.h; sourceTree = "<group>"; };
		CEC3814F1BE80B0200700DAF /* YMAPaymentResultModel.m */ = {isa = PBXFileReference; fileEncoding = 4; lastKnownFileType = sourcecode.c.objc; path = YMAPaymentResultModel.m; sourceTree = "<group>"; };
		CEC381521BE80B0200700DAF /* YMAAccountInfoRequest.h */ = {isa = PBXFileReference; fileEncoding = 4; lastKnownFileType = sourcecode.c.h; path = YMAAccountInfoRequest.h; sourceTree = "<group>"; };
		CEC381531BE80B0200700DAF /* YMAAccountInfoRequest.m */ = {isa = PBXFileReference; fileEncoding = 4; lastKnownFileType = sourcecode.c.objc; path = YMAAccountInfoRequest.m; sourceTree = "<group>"; };
		CEC381541BE80B0200700DAF /* YMAChangeAvatarRequest.h */ = {isa = PBXFileReference; fileEncoding = 4; lastKnownFileType = sourcecode.c.h; path = YMAChangeAvatarRequest.h; sourceTree = "<group>"; };
		CEC381551BE80B0200700DAF /* YMAChangeAvatarRequest.m */ = {isa = PBXFileReference; fileEncoding = 4; lastKnownFileType = sourcecode.c.objc; path = YMAChangeAvatarRequest.m; sourceTree = "<group>"; };
		CEC381561BE80B0200700DAF /* YMAHistoryOperationsRequest.h */ = {isa = PBXFileReference; fileEncoding = 4; lastKnownFileType = sourcecode.c.h; path = YMAHistoryOperationsRequest.h; sourceTree = "<group>"; };
		CEC381571BE80B0200700DAF /* YMAHistoryOperationsRequest.m */ = {isa = PBXFileReference; fileEncoding = 4; lastKnownFileType = sourcecode.c.objc; path = YMAHistoryOperationsRequest.m; sourceTree = "<group>"; };
		CEC381581BE80B0200700DAF /* YMAOperationDetailsRequest.h */ = {isa = PBXFileReference; fileEncoding = 4; lastKnownFileType = sourcecode.c.h; path = YMAOperationDetailsRequest.h; sourceTree = "<group>"; };
		CEC381591BE80B0200700DAF /* YMAOperationDetailsRequest.m */ = {isa = PBXFileReference; fileEncoding = 4; lastKnownFileType = sourcecode.c.objc; path = YMAOperationDetailsRequest.m; sourceTree = "<group>"; };
		CEC3815C1BE80B0200700DAF /* YMAExternalPaymentRequest.h */ = {isa = PBXFileReference; fileEncoding = 4; lastKnownFileType = sourcecode.c.h; path = YMAExternalPaymentRequest.h; sourceTree = "<group>"; };
		CEC3815D1BE80B0200700DAF /* YMAExternalPaymentRequest.m */ = {isa = PBXFileReference; fileEncoding = 4; lastKnownFileType = sourcecode.c.objc; path = YMAExternalPaymentRequest.m; sourceTree = "<group>"; };
		CEC3815E1BE80B0200700DAF /* YMAProcessExternalPaymentRequest.h */ = {isa = PBXFileReference; fileEncoding = 4; lastKnownFileType = sourcecode.c.h; path = YMAProcessExternalPaymentRequest.h; sourceTree = "<group>"; };
		CEC3815F1BE80B0200700DAF /* YMAProcessExternalPaymentRequest.m */ = {isa = PBXFileReference; fileEncoding = 4; lastKnownFileType = sourcecode.c.objc; path = YMAProcessExternalPaymentRequest.m; sourceTree = "<group>"; };
		CEC381601BE80B0200700DAF /* YMAIncomingTransferAcceptRequest.h */ = {isa = PBXFileReference; fileEncoding = 4; lastKnownFileType = sourcecode.c.h; path = YMAIncomingTransferAcceptRequest.h; sourceTree = "<group>"; };
		CEC381611BE80B0200700DAF /* YMAIncomingTransferAcceptRequest.m */ = {isa = PBXFileReference; fileEncoding = 4; lastKnownFileType = sourcecode.c.objc; path = YMAIncomingTransferAcceptRequest.m; sourceTree = "<group>"; };
		CEC381621BE80B0200700DAF /* YMAIncomingTransferRejectRequest.h */ = {isa = PBXFileReference; fileEncoding = 4; lastKnownFileType = sourcecode.c.h; path = YMAIncomingTransferRejectRequest.h; sourceTree = "<group>"; };
		CEC381631BE80B0200700DAF /* YMAIncomingTransferRejectRequest.m */ = {isa = PBXFileReference; fileEncoding = 4; lastKnownFileType = sourcecode.c.objc; path = YMAIncomingTransferRejectRequest.m; sourceTree = "<group>"; };
		CEC381641BE80B0200700DAF /* YMAPaymentRequest.h */ = {isa = PBXFileReference; fileEncoding = 4; lastKnownFileType = sourcecode.c.h; path = YMAPaymentRequest.h; sourceTree = "<group>"; };
		CEC381651BE80B0200700DAF /* YMAPaymentRequest.m */ = {isa = PBXFileReference; fileEncoding = 4; lastKnownFileType = sourcecode.c.objc; path = YMAPaymentRequest.m; sourceTree = "<group>"; };
		CEC381661BE80B0200700DAF /* YMAProcessPaymentRequest.h */ = {isa = PBXFileReference; fileEncoding = 4; lastKnownFileType = sourcecode.c.h; path = YMAProcessPaymentRequest.h; sourceTree = "<group>"; };
		CEC381671BE80B0200700DAF /* YMAProcessPaymentRequest.m */ = {isa = PBXFileReference; fileEncoding = 4; lastKnownFileType = sourcecode.c.objc; path = YMAProcessPaymentRequest.m; sourceTree = "<group>"; };
		CEC381681BE80B0200700DAF /* YMABaseRequest.h */ = {isa = PBXFileReference; fileEncoding = 4; lastKnownFileType = sourcecode.c.h; path = YMABaseRequest.h; sourceTree = "<group>"; };
		CEC381691BE80B0200700DAF /* YMABaseRequest.m */ = {isa = PBXFileReference; fileEncoding = 4; lastKnownFileType = sourcecode.c.objc; path = YMABaseRequest.m; sourceTree = "<group>"; };
		CEC3816C1BE80B0200700DAF /* YMAAccountInfoResponse.h */ = {isa = PBXFileReference; fileEncoding = 4; lastKnownFileType = sourcecode.c.h; path = YMAAccountInfoResponse.h; sourceTree = "<group>"; };
		CEC3816D1BE80B0200700DAF /* YMAAccountInfoResponse.m */ = {isa = PBXFileReference; fileEncoding = 4; lastKnownFileType = sourcecode.c.objc; path = YMAAccountInfoResponse.m; sourceTree = "<group>"; };
		CEC3816E1BE80B0200700DAF /* YMAHistoryOperationsResponse.h */ = {isa = PBXFileReference; fileEncoding = 4; lastKnownFileType = sourcecode.c.h; path = YMAHistoryOperationsResponse.h; sourceTree = "<group>"; };
		CEC3816F1BE80B0200700DAF /* YMAHistoryOperationsResponse.m */ = {isa = PBXFileReference; fileEncoding = 4; lastKnownFileType = sourcecode.c.objc; path = YMAHistoryOperationsResponse.m; sourceTree = "<group>"; };
		CEC381701BE80B0200700DAF /* YMAOperationDetailsResponse.h */ = {isa = PBXFileReference; fileEncoding = 4; lastKnownFileType = sourcecode.c.h; path = YMAOperationDetailsResponse.h; sourceTree = "<group>"; };
		CEC381711BE80B0200700DAF /* YMAOperationDetailsResponse.m */ = {isa = PBXFileReference; fileEncoding = 4; lastKnownFileType = sourcecode.c.objc; path = YMAOperationDetailsResponse.m; sourceTree = "<group>"; };
		CEC381741BE80B0200700DAF /* YMAExternalPaymentResponse.h */ = {isa = PBXFileReference; fileEncoding = 4; lastKnownFileType = sourcecode.c.h; path = YMAExternalPaymentResponse.h; sourceTree = "<group>"; };
		CEC381751BE80B0200700DAF /* YMAExternalPaymentResponse.m */ = {isa = PBXFileReference; fileEncoding = 4; lastKnownFileType = sourcecode.c.objc; path = YMAExternalPaymentResponse.m; sourceTree = "<group>"; };
		CEC381761BE80B0200700DAF /* YMAProcessExternalPaymentResponse.h */ = {isa = PBXFileReference; fileEncoding = 4; lastKnownFileType = sourcecode.c.h; path = YMAProcessExternalPaymentResponse.h; sourceTree = "<group>"; };
		CEC381771BE80B0200700DAF /* YMAProcessExternalPaymentResponse.m */ = {isa = PBXFileReference; fileEncoding = 4; lastKnownFileType = sourcecode.c.objc; path = YMAProcessExternalPaymentResponse.m; sourceTree = "<group>"; };
		CEC381781BE80B0200700DAF /* YMAIncomingTransferAcceptResponse.h */ = {isa = PBXFileReference; fileEncoding = 4; lastKnownFileType = sourcecode.c.h; path = YMAIncomingTransferAcceptResponse.h; sourceTree = "<group>"; };
		CEC381791BE80B0200700DAF /* YMAIncomingTransferAcceptResponse.m */ = {isa = PBXFileReference; fileEncoding = 4; lastKnownFileType = sourcecode.c.objc; path = YMAIncomingTransferAcceptResponse.m; sourceTree = "<group>"; };
		CEC3817A1BE80B0200700DAF /* YMAPaymentResponse.h */ = {isa = PBXFileReference; fileEncoding = 4; lastKnownFileType = sourcecode.c.h; path = YMAPaymentResponse.h; sourceTree = "<group>"; };
		CEC3817B1BE80B0200700DAF /* YMAPaymentResponse.m */ = {isa = PBXFileReference; fileEncoding = 4; lastKnownFileType = sourcecode.c.objc; path = YMAPaymentResponse.m; sourceTree = "<group>"; };
		CEC3817C1BE80B0200700DAF /* YMAProcessPaymentResponse.h */ = {isa = PBXFileReference; fileEncoding = 4; lastKnownFileType = sourcecode.c.h; path = YMAProcessPaymentResponse.h; sourceTree = "<group>"; };
		CEC3817D1BE80B0200700DAF /* YMAProcessPaymentResponse.m */ = {isa = PBXFileReference; fileEncoding = 4; lastKnownFileType = sourcecode.c.objc; path = YMAProcessPaymentResponse.m; sourceTree = "<group>"; };
		CEC3817E1BE80B0200700DAF /* YMABaseProcessResponse.h */ = {isa = PBXFileReference; fileEncoding = 4; lastKnownFileType = sourcecode.c.h; path = YMABaseProcessResponse.h; sourceTree = "<group>"; };
		CEC3817F1BE80B0200700DAF /* YMABaseProcessResponse.m */ = {isa = PBXFileReference; fileEncoding = 4; lastKnownFileType = sourcecode.c.objc; path = YMABaseProcessResponse.m; sourceTree = "<group>"; };
		CEC381801BE80B0200700DAF /* YMABaseResponse.h */ = {isa = PBXFileReference; fileEncoding = 4; lastKnownFileType = sourcecode.c.h; path = YMABaseResponse.h; sourceTree = "<group>"; };
		CEC381811BE80B0200700DAF /* YMABaseResponse.m */ = {isa = PBXFileReference; fileEncoding = 4; lastKnownFileType = sourcecode.c.objc; path = YMABaseResponse.m; sourceTree = "<group>"; };
		CEC381831BE80B0200700DAF /* YMAAPISession.h */ = {isa = PBXFileReference; fileEncoding = 4; lastKnownFileType = sourcecode.c.h; path = YMAAPISession.h; sourceTree = "<group>"; };
		CEC381841BE80B0200700DAF /* YMAAPISession.m */ = {isa = PBXFileReference; fileEncoding = 4; lastKnownFileType = sourcecode.c.objc; path = YMAAPISession.m; sourceTree = "<group>"; };
		CEC381851BE80B0200700DAF /* YMABaseSession.h */ = {isa = PBXFileReference; fileEncoding = 4; lastKnownFileType = sourcecode.c.h; path = YMABaseSession.h; sourceTree = "<group>"; };
		CEC381861BE80B0200700DAF /* YMABaseSession.m */ = {isa = PBXFileReference; fileEncoding = 4; lastKnownFileType = sourcecode.c.objc; path = YMABaseSession.m; sourceTree = "<group>"; };
		CEC381871BE80B0200700DAF /* YMAExternalPaymentSession.h */ = {isa = PBXFileReference; fileEncoding = 4; lastKnownFileType = sourcecode.c.h; path = YMAExternalPaymentSession.h; sourceTree = "<group>"; };
		CEC381881BE80B0200700DAF /* YMAExternalPaymentSession.m */ = {isa = PBXFileReference; fileEncoding = 4; lastKnownFileType = sourcecode.c.objc; path = YMAExternalPaymentSession.m; sourceTree = "<group>"; };
		CEC381891BE80B0200700DAF /* YMAConnection.h */ = {isa = PBXFileReference; fileEncoding = 4; lastKnownFileType = sourcecode.c.h; path = YMAConnection.h; sourceTree = "<group>"; };
		CEC3818A1BE80B0200700DAF /* YMAConnection.m */ = {isa = PBXFileReference; fileEncoding = 4; lastKnownFileType = sourcecode.c.objc; path = YMAConnection.m; sourceTree = "<group>"; };
		CEC3818B1BE80B0200700DAF /* YMAConstants.h */ = {isa = PBXFileReference; fileEncoding = 4; lastKnownFileType = sourcecode.c.h; path = YMAConstants.h; sourceTree = "<group>"; };
		CEC3818C1BE80B0200700DAF /* YMAConstants.m */ = {isa = PBXFileReference; fileEncoding = 4; lastKnownFileType = sourcecode.c.objc; path = YMAConstants.m; sourceTree = "<group>"; };
		CEC3818D1BE80B0200700DAF /* YMAHostsProvider.h */ = {isa = PBXFileReference; fileEncoding = 4; lastKnownFileType = sourcecode.c.h; path = YMAHostsProvider.h; sourceTree = "<group>"; };
		CEC3818E1BE80B0200700DAF /* YMAHostsProvider.m */ = {isa = PBXFileReference; fileEncoding = 4; lastKnownFileType = sourcecode.c.objc; path = YMAHostsProvider.m; sourceTree = "<group>"; };
		CED80B9F1BDD032500159505 /* YANAuthorizationViewController.h */ = {isa = PBXFileReference; fileEncoding = 4; lastKnownFileType = sourcecode.c.h; path = YANAuthorizationViewController.h; sourceTree = "<group>"; };
		CED80BA01BDD032500159505 /* YANAuthorizationViewController.m */ = {isa = PBXFileReference; fileEncoding = 4; lastKnownFileType = sourcecode.c.objc; lineEnding = 0; path = YANAuthorizationViewController.m; sourceTree = "<group>"; };
		CED80BA21BDD05D600159505 /* YANWalletViewController.h */ = {isa = PBXFileReference; fileEncoding = 4; lastKnownFileType = sourcecode.c.h; path = YANWalletViewController.h; sourceTree = "<group>"; };
		CED80BA31BDD05D600159505 /* YANWalletViewController.m */ = {isa = PBXFileReference; fileEncoding = 4; lastKnownFileType = sourcecode.c.objc; path = YANWalletViewController.m; sourceTree = "<group>"; };
		CED80BA51BDD07AF00159505 /* YANOperationHistoryViewController.h */ = {isa = PBXFileReference; fileEncoding = 4; lastKnownFileType = sourcecode.c.h; path = YANOperationHistoryViewController.h; sourceTree = "<group>"; };
		CED80BA61BDD07AF00159505 /* YANOperationHistoryViewController.m */ = {isa = PBXFileReference; fileEncoding = 4; lastKnownFileType = sourcecode.c.objc; path = YANOperationHistoryViewController.m; sourceTree = "<group>"; };
		CEF4BFDE1C106D0100DCA458 /* SwiftSpinner.swift */ = {isa = PBXFileReference; fileEncoding = 4; lastKnownFileType = sourcecode.swift; path = SwiftSpinner.swift; sourceTree = "<group>"; };
		CEF4BFE11C106E2E00DCA458 /* YMoney-Bridging-Header.h */ = {isa = PBXFileReference; fileEncoding = 4; lastKnownFileType = sourcecode.c.h; path = "YMoney-Bridging-Header.h"; sourceTree = "<group>"; };
		CEF4BFE61C14F13D00DCA458 /* YANUICircleImageView.h */ = {isa = PBXFileReference; fileEncoding = 4; lastKnownFileType = sourcecode.c.h; path = YANUICircleImageView.h; sourceTree = "<group>"; };
		CEF4BFE71C14F13D00DCA458 /* YANUICircleImageView.m */ = {isa = PBXFileReference; fileEncoding = 4; lastKnownFileType = sourcecode.c.objc; path = YANUICircleImageView.m; sourceTree = "<group>"; };
		CEF4BFEB1C15A31D00DCA458 /* YMAHistoryOperationModel+NSCoding.h */ = {isa = PBXFileReference; fileEncoding = 4; lastKnownFileType = sourcecode.c.h; path = "YMAHistoryOperationModel+NSCoding.h"; sourceTree = "<group>"; };
		CEF4BFEC1C15A31D00DCA458 /* YMAHistoryOperationModel+NSCoding.m */ = {isa = PBXFileReference; fileEncoding = 4; lastKnownFileType = sourcecode.c.objc; path = "YMAHistoryOperationModel+NSCoding.m"; sourceTree = "<group>"; };
		CEF700631BE9695D00980D2D /* YANKeyStorage.h */ = {isa = PBXFileReference; fileEncoding = 4; lastKnownFileType = sourcecode.c.h; path = YANKeyStorage.h; sourceTree = "<group>"; };
		CEF700641BE9695D00980D2D /* YANKeyStorage.m */ = {isa = PBXFileReference; fileEncoding = 4; lastKnownFileType = sourcecode.c.objc; path = YANKeyStorage.m; sourceTree = "<group>"; };
		CEF7C3401C0A83BE0067EDD8 /* YANOperationDateView.h */ = {isa = PBXFileReference; fileEncoding = 4; lastKnownFileType = sourcecode.c.h; path = YANOperationDateView.h; sourceTree = "<group>"; };
		CEF7C3411C0A83BE0067EDD8 /* YANOperationDateView.m */ = {isa = PBXFileReference; fileEncoding = 4; lastKnownFileType = sourcecode.c.objc; path = YANOperationDateView.m; sourceTree = "<group>"; };
		CEF7C3421C0A83BE0067EDD8 /* YANOperationDateView.xib */ = {isa = PBXFileReference; fileEncoding = 4; lastKnownFileType = file.xib; path = YANOperationDateView.xib; sourceTree = "<group>"; };
		CEF7C3451C0A880B0067EDD8 /* YANOperationDateView+YMAHistoryOperationModel.h */ = {isa = PBXFileReference; fileEncoding = 4; lastKnownFileType = sourcecode.c.h; path = "YANOperationDateView+YMAHistoryOperationModel.h"; sourceTree = "<group>"; };
		CEF7C3461C0A880B0067EDD8 /* YANOperationDateView+YMAHistoryOperationModel.m */ = {isa = PBXFileReference; fileEncoding = 4; lastKnownFileType = sourcecode.c.objc; path = "YANOperationDateView+YMAHistoryOperationModel.m"; sourceTree = "<group>"; };
		CEF7C34A1C0A96C90067EDD8 /* YANOperationDetailsView.h */ = {isa = PBXFileReference; fileEncoding = 4; lastKnownFileType = sourcecode.c.h; path = YANOperationDetailsView.h; sourceTree = "<group>"; };
		CEF7C34B1C0A96C90067EDD8 /* YANOperationDetailsView.m */ = {isa = PBXFileReference; fileEncoding = 4; lastKnownFileType = sourcecode.c.objc; path = YANOperationDetailsView.m; sourceTree = "<group>"; };
		CEF7C34C1C0A96C90067EDD8 /* YANOperationDetailsView.xib */ = {isa = PBXFileReference; fileEncoding = 4; lastKnownFileType = file.xib; path = YANOperationDetailsView.xib; sourceTree = "<group>"; };
		CEF7C3531C0AFCD60067EDD8 /* YANOperationDetailsView+YMAHistoryOperationModel.m */ = {isa = PBXFileReference; fileEncoding = 4; lastKnownFileType = sourcecode.c.objc; path = "YANOperationDetailsView+YMAHistoryOperationModel.m"; sourceTree = "<group>"; };
		CEF7C3551C0AFD2A0067EDD8 /* YANOperationDetailsView+YMAHistoryOperationModel.h */ = {isa = PBXFileReference; lastKnownFileType = sourcecode.c.h; path = "YANOperationDetailsView+YMAHistoryOperationModel.h"; sourceTree = "<group>"; };
		CEF7C3621C0C59D80067EDD8 /* AFHTTPRequestOperation.h */ = {isa = PBXFileReference; fileEncoding = 4; lastKnownFileType = sourcecode.c.h; path = AFHTTPRequestOperation.h; sourceTree = "<group>"; };
		CEF7C3631C0C59D80067EDD8 /* AFHTTPRequestOperation.m */ = {isa = PBXFileReference; fileEncoding = 4; lastKnownFileType = sourcecode.c.objc; path = AFHTTPRequestOperation.m; sourceTree = "<group>"; };
		CEF7C3641C0C59D80067EDD8 /* AFHTTPRequestOperationManager.h */ = {isa = PBXFileReference; fileEncoding = 4; lastKnownFileType = sourcecode.c.h; path = AFHTTPRequestOperationManager.h; sourceTree = "<group>"; };
		CEF7C3651C0C59D80067EDD8 /* AFHTTPRequestOperationManager.m */ = {isa = PBXFileReference; fileEncoding = 4; lastKnownFileType = sourcecode.c.objc; path = AFHTTPRequestOperationManager.m; sourceTree = "<group>"; };
		CEF7C3661C0C59D80067EDD8 /* AFHTTPSessionManager.h */ = {isa = PBXFileReference; fileEncoding = 4; lastKnownFileType = sourcecode.c.h; path = AFHTTPSessionManager.h; sourceTree = "<group>"; };
		CEF7C3671C0C59D80067EDD8 /* AFHTTPSessionManager.m */ = {isa = PBXFileReference; fileEncoding = 4; lastKnownFileType = sourcecode.c.objc; path = AFHTTPSessionManager.m; sourceTree = "<group>"; };
		CEF7C3681C0C59D80067EDD8 /* AFNetworking.h */ = {isa = PBXFileReference; fileEncoding = 4; lastKnownFileType = sourcecode.c.h; path = AFNetworking.h; sourceTree = "<group>"; };
		CEF7C3691C0C59D80067EDD8 /* AFNetworkReachabilityManager.h */ = {isa = PBXFileReference; fileEncoding = 4; lastKnownFileType = sourcecode.c.h; path = AFNetworkReachabilityManager.h; sourceTree = "<group>"; };
		CEF7C36A1C0C59D80067EDD8 /* AFNetworkReachabilityManager.m */ = {isa = PBXFileReference; fileEncoding = 4; lastKnownFileType = sourcecode.c.objc; path = AFNetworkReachabilityManager.m; sourceTree = "<group>"; };
		CEF7C36B1C0C59D80067EDD8 /* AFSecurityPolicy.h */ = {isa = PBXFileReference; fileEncoding = 4; lastKnownFileType = sourcecode.c.h; path = AFSecurityPolicy.h; sourceTree = "<group>"; };
		CEF7C36C1C0C59D80067EDD8 /* AFSecurityPolicy.m */ = {isa = PBXFileReference; fileEncoding = 4; lastKnownFileType = sourcecode.c.objc; path = AFSecurityPolicy.m; sourceTree = "<group>"; };
		CEF7C36D1C0C59D80067EDD8 /* AFURLConnectionOperation.h */ = {isa = PBXFileReference; fileEncoding = 4; lastKnownFileType = sourcecode.c.h; path = AFURLConnectionOperation.h; sourceTree = "<group>"; };
		CEF7C36E1C0C59D80067EDD8 /* AFURLConnectionOperation.m */ = {isa = PBXFileReference; fileEncoding = 4; lastKnownFileType = sourcecode.c.objc; path = AFURLConnectionOperation.m; sourceTree = "<group>"; };
		CEF7C36F1C0C59D80067EDD8 /* AFURLRequestSerialization.h */ = {isa = PBXFileReference; fileEncoding = 4; lastKnownFileType = sourcecode.c.h; path = AFURLRequestSerialization.h; sourceTree = "<group>"; };
		CEF7C3701C0C59D80067EDD8 /* AFURLRequestSerialization.m */ = {isa = PBXFileReference; fileEncoding = 4; lastKnownFileType = sourcecode.c.objc; path = AFURLRequestSerialization.m; sourceTree = "<group>"; };
		CEF7C3711C0C59D80067EDD8 /* AFURLResponseSerialization.h */ = {isa = PBXFileReference; fileEncoding = 4; lastKnownFileType = sourcecode.c.h; path = AFURLResponseSerialization.h; sourceTree = "<group>"; };
		CEF7C3721C0C59D80067EDD8 /* AFURLResponseSerialization.m */ = {isa = PBXFileReference; fileEncoding = 4; lastKnownFileType = sourcecode.c.objc; path = AFURLResponseSerialization.m; sourceTree = "<group>"; };
		CEF7C3731C0C59D80067EDD8 /* AFURLSessionManager.h */ = {isa = PBXFileReference; fileEncoding = 4; lastKnownFileType = sourcecode.c.h; path = AFURLSessionManager.h; sourceTree = "<group>"; };
		CEF7C3741C0C59D80067EDD8 /* AFURLSessionManager.m */ = {isa = PBXFileReference; fileEncoding = 4; lastKnownFileType = sourcecode.c.objc; path = AFURLSessionManager.m; sourceTree = "<group>"; };
		CEF7C3F91C0C59D90067EDD8 /* AFNetworkActivityIndicatorManager.h */ = {isa = PBXFileReference; fileEncoding = 4; lastKnownFileType = sourcecode.c.h; path = AFNetworkActivityIndicatorManager.h; sourceTree = "<group>"; };
		CEF7C3FA1C0C59D90067EDD8 /* AFNetworkActivityIndicatorManager.m */ = {isa = PBXFileReference; fileEncoding = 4; lastKnownFileType = sourcecode.c.objc; path = AFNetworkActivityIndicatorManager.m; sourceTree = "<group>"; };
		CEF7C3FB1C0C59D90067EDD8 /* UIActivityIndicatorView+AFNetworking.h */ = {isa = PBXFileReference; fileEncoding = 4; lastKnownFileType = sourcecode.c.h; path = "UIActivityIndicatorView+AFNetworking.h"; sourceTree = "<group>"; };
		CEF7C3FC1C0C59D90067EDD8 /* UIActivityIndicatorView+AFNetworking.m */ = {isa = PBXFileReference; fileEncoding = 4; lastKnownFileType = sourcecode.c.objc; path = "UIActivityIndicatorView+AFNetworking.m"; sourceTree = "<group>"; };
		CEF7C3FD1C0C59D90067EDD8 /* UIAlertView+AFNetworking.h */ = {isa = PBXFileReference; fileEncoding = 4; lastKnownFileType = sourcecode.c.h; path = "UIAlertView+AFNetworking.h"; sourceTree = "<group>"; };
		CEF7C3FE1C0C59D90067EDD8 /* UIAlertView+AFNetworking.m */ = {isa = PBXFileReference; fileEncoding = 4; lastKnownFileType = sourcecode.c.objc; path = "UIAlertView+AFNetworking.m"; sourceTree = "<group>"; };
		CEF7C3FF1C0C59D90067EDD8 /* UIButton+AFNetworking.h */ = {isa = PBXFileReference; fileEncoding = 4; lastKnownFileType = sourcecode.c.h; path = "UIButton+AFNetworking.h"; sourceTree = "<group>"; };
		CEF7C4001C0C59D90067EDD8 /* UIButton+AFNetworking.m */ = {isa = PBXFileReference; fileEncoding = 4; lastKnownFileType = sourcecode.c.objc; path = "UIButton+AFNetworking.m"; sourceTree = "<group>"; };
		CEF7C4011C0C59D90067EDD8 /* UIImage+AFNetworking.h */ = {isa = PBXFileReference; fileEncoding = 4; lastKnownFileType = sourcecode.c.h; path = "UIImage+AFNetworking.h"; sourceTree = "<group>"; };
		CEF7C4021C0C59D90067EDD8 /* UIImageView+AFNetworking.h */ = {isa = PBXFileReference; fileEncoding = 4; lastKnownFileType = sourcecode.c.h; path = "UIImageView+AFNetworking.h"; sourceTree = "<group>"; };
		CEF7C4031C0C59D90067EDD8 /* UIImageView+AFNetworking.m */ = {isa = PBXFileReference; fileEncoding = 4; lastKnownFileType = sourcecode.c.objc; path = "UIImageView+AFNetworking.m"; sourceTree = "<group>"; };
		CEF7C4041C0C59D90067EDD8 /* UIKit+AFNetworking.h */ = {isa = PBXFileReference; fileEncoding = 4; lastKnownFileType = sourcecode.c.h; path = "UIKit+AFNetworking.h"; sourceTree = "<group>"; };
		CEF7C4051C0C59D90067EDD8 /* UIProgressView+AFNetworking.h */ = {isa = PBXFileReference; fileEncoding = 4; lastKnownFileType = sourcecode.c.h; path = "UIProgressView+AFNetworking.h"; sourceTree = "<group>"; };
		CEF7C4061C0C59D90067EDD8 /* UIProgressView+AFNetworking.m */ = {isa = PBXFileReference; fileEncoding = 4; lastKnownFileType = sourcecode.c.objc; path = "UIProgressView+AFNetworking.m"; sourceTree = "<group>"; };
		CEF7C4071C0C59D90067EDD8 /* UIRefreshControl+AFNetworking.h */ = {isa = PBXFileReference; fileEncoding = 4; lastKnownFileType = sourcecode.c.h; path = "UIRefreshControl+AFNetworking.h"; sourceTree = "<group>"; };
		CEF7C4081C0C59D90067EDD8 /* UIRefreshControl+AFNetworking.m */ = {isa = PBXFileReference; fileEncoding = 4; lastKnownFileType = sourcecode.c.objc; path = "UIRefreshControl+AFNetworking.m"; sourceTree = "<group>"; };
		CEF7C4091C0C59D90067EDD8 /* UIWebView+AFNetworking.h */ = {isa = PBXFileReference; fileEncoding = 4; lastKnownFileType = sourcecode.c.h; path = "UIWebView+AFNetworking.h"; sourceTree = "<group>"; };
		CEF7C40A1C0C59D90067EDD8 /* UIWebView+AFNetworking.m */ = {isa = PBXFileReference; fileEncoding = 4; lastKnownFileType = sourcecode.c.objc; path = "UIWebView+AFNetworking.m"; sourceTree = "<group>"; };
/* End PBXFileReference section */

/* Begin PBXFrameworksBuildPhase section */
		36EBCBD9F5A2964A4D4DF1C3 /* Frameworks */ = {
			isa = PBXFrameworksBuildPhase;
			buildActionMask = 2147483647;
			files = (
			);
			runOnlyForDeploymentPostprocessing = 0;
		};
		36EBCCC861A055BB37E92774 /* Frameworks */ = {
			isa = PBXFrameworksBuildPhase;
			buildActionMask = 2147483647;
			files = (
			);
			runOnlyForDeploymentPostprocessing = 0;
		};
		36EBCEB9364FB6DDDEC4F8FC /* Frameworks */ = {
			isa = PBXFrameworksBuildPhase;
			buildActionMask = 2147483647;
			files = (
			);
			runOnlyForDeploymentPostprocessing = 0;
		};
		CE011B181BE56BE100D820A3 /* Frameworks */ = {
			isa = PBXFrameworksBuildPhase;
			buildActionMask = 2147483647;
			files = (
			);
			runOnlyForDeploymentPostprocessing = 0;
		};
/* End PBXFrameworksBuildPhase section */

/* Begin PBXGroup section */
		36EBC1C1A9A48AAAB8031E8E /* Products */ = {
			isa = PBXGroup;
			children = (
				36EBC7C44C90513F55016D16 /* YMoney.app */,
				36EBCE702E9BD62F1A17CB73 /* YMoney.xctest */,
				36EBC00AAA552839EF148BDD /* YMoney.xctest */,
				CE011B1B1BE56BE100D820A3 /* YMoneyTest.xctest */,
			);
			name = Products;
			sourceTree = "<group>";
		};
		36EBC267E661B0905C9A3749 /* Supporting Files */ = {
			isa = PBXGroup;
			children = (
				36EBC46EB9D54C9037E90B9F /* main.m */,
			);
			path = "Supporting Files";
			sourceTree = "<group>";
		};
		36EBC7787EEB4DF81878A825 /* YMoneyUITests */ = {
			isa = PBXGroup;
			children = (
				36EBC24066A6F348A557D302 /* Info.plist */,
				36EBC9F59BCAED305DC2C7C6 /* YANYMoneyUITests.m */,
			);
			path = YMoneyUITests;
			sourceTree = "<group>";
		};
		36EBCC89866B793A0110D134 = {
			isa = PBXGroup;
			children = (
				CE2C31F01C1C49F900DD4FCB /* External */,
				CEE7F4DF1BE5631A00683229 /* InfoPlist */,
				36EBC1C1A9A48AAAB8031E8E /* Products */,
				CEE7F4E01BE5636500683229 /* Resources */,
				36EBCDB4BD2F202B4AD3BF37 /* Sources */,
				CE011B1C1BE56BE100D820A3 /* YMoneyTest */,
				36EBC7787EEB4DF81878A825 /* YMoneyUITests */,
			);
			sourceTree = "<group>";
		};
		36EBCDB4BD2F202B4AD3BF37 /* Sources */ = {
			isa = PBXGroup;
			children = (
				CED80B9E1BDCF67E00159505 /* Application */,
				36EBCF64167FF1DDB598E750 /* Domain */,
				CEE7F4E91BE5665800683229 /* Ifrastructure */,
				36EBC267E661B0905C9A3749 /* Supporting Files */,
				36EBCC836E1C6A99AB0643A2 /* YANAppDelegate.h */,
				36EBCC604A86151F2B78B580 /* YANAppDelegate.m */,
			);
			path = Sources;
			sourceTree = "<group>";
		};
		36EBCF64167FF1DDB598E750 /* Domain */ = {
			isa = PBXGroup;
			children = (
				CEE7F4E71BE565DB00683229 /* Entities */,
				CEE7F4E81BE5661B00683229 /* Services */,
			);
			path = Domain;
			sourceTree = "<group>";
		};
		CE011B1C1BE56BE100D820A3 /* YMoneyTest */ = {
			isa = PBXGroup;
			children = (
				CE011B1F1BE56BE100D820A3 /* Info.plist */,
				CE011B1D1BE56BE100D820A3 /* YMoneyTest.m */,
			);
			path = YMoneyTest;
			sourceTree = "<group>";
		};
		CE2C31F01C1C49F900DD4FCB /* External */ = {
			isa = PBXGroup;
			children = (
				CEF7C35D1C0C59D80067EDD8 /* AFNetworking-master */,
				CEA474011BFCE22B0073960E /* POSRx-master */,
				CE2C31F11C1C4A9100DD4FCB /* SwiftSpinner */,
				CEC3812B1BE80B0200700DAF /* YandexMoneySdk */,
			);
			path = External;
			sourceTree = "<group>";
		};
		CE2C31F11C1C4A9100DD4FCB /* SwiftSpinner */ = {
			isa = PBXGroup;
			children = (
				CEF4BFDE1C106D0100DCA458 /* SwiftSpinner.swift */,
			);
			path = SwiftSpinner;
			sourceTree = "<group>";
		};
		CE34B4D61C07891F00FABC44 /* Internet */ = {
			isa = PBXGroup;
			children = (
				CE34B4D81C079C5C00FABC44 /* YANServerProtocol.h */,
				CE97936B1C03CEAF00DAC14B /* YANYandexMoneyServer.h */,
				CE97936C1C03CEAF00DAC14B /* YANYandexMoneyServer.m */,
			);
			path = Internet;
			sourceTree = "<group>";
		};
		CE34B4D71C07894900FABC44 /* KeyStores */ = {
			isa = PBXGroup;
			children = (
				CE67FC571C1829F400A6A5F3 /* YANHashStorage.h */,
				CE67FC581C1829F400A6A5F3 /* YANHashStorage.m */,
				CEF700631BE9695D00980D2D /* YANKeyStorage.h */,
				CEF700641BE9695D00980D2D /* YANKeyStorage.m */,
			);
			path = KeyStores;
			sourceTree = "<group>";
		};
		CE34B4DB1C07A33D00FABC44 /* Base */ = {
			isa = PBXGroup;
			children = (
				CE34B4DC1C07A38F00FABC44 /* YANBaseUIViewController.h */,
				CE34B4DD1C07A38F00FABC44 /* YANBaseUIViewController.m */,
			);
			path = Base;
			sourceTree = "<group>";
		};
		CE34B4E41C0900E800FABC44 /* Spinner */ = {
			isa = PBXGroup;
			children = (
				CE34B4E81C0901A700FABC44 /* CustomSpinner.h */,
				CE34B4E91C0901A700FABC44 /* CustomSpinner.m */,
				CEF4BFE11C106E2E00DCA458 /* YMoney-Bridging-Header.h */,
			);
			path = Spinner;
			sourceTree = "<group>";
		};
		CEA474011BFCE22B0073960E /* POSRx-master */ = {
			isa = PBXGroup;
			children = (
				CEA474051BFCE22B0073960E /* POSRx */,
				CEA474021BFCE22B0073960E /* .gitignore */,
				CEA474031BFCE22B0073960E /* LICENSE */,
				CEA474431BFCE22B0073960E /* POSRx.podspec */,
				CEA474041BFCE22B0073960E /* Podfile */,
			);
			path = "POSRx-master";
			sourceTree = "<group>";
		};
		CEA474051BFCE22B0073960E /* POSRx */ = {
			isa = PBXGroup;
			children = (
				CEA4743F1BFCE22B0073960E /* Utils */,
			);
			path = POSRx;
			sourceTree = "<group>";
		};
		CEA4743F1BFCE22B0073960E /* Utils */ = {
			isa = PBXGroup;
			children = (
				CEA474401BFCE22B0073960E /* NSException+POSRx.h */,
				CEA474411BFCE22B0073960E /* NSException+POSRx.m */,
			);
			path = Utils;
			sourceTree = "<group>";
		};
		CEC3812B1BE80B0200700DAF /* YandexMoneySdk */ = {
			isa = PBXGroup;
			children = (
				CEC3812C1BE80B0200700DAF /* Classes */,
			);
			path = YandexMoneySdk;
			sourceTree = "<group>";
		};
		CEC3812C1BE80B0200700DAF /* Classes */ = {
			isa = PBXGroup;
			children = (
				CEC3812D1BE80B0200700DAF /* Models */,
				CEC381501BE80B0200700DAF /* Request */,
				CEC3816A1BE80B0200700DAF /* Response */,
				CEC381821BE80B0200700DAF /* Session */,
				CEC381891BE80B0200700DAF /* YMAConnection.h */,
				CEC3818A1BE80B0200700DAF /* YMAConnection.m */,
				CEC3818B1BE80B0200700DAF /* YMAConstants.h */,
				CEC3818C1BE80B0200700DAF /* YMAConstants.m */,
				CEC3818D1BE80B0200700DAF /* YMAHostsProvider.h */,
				CEC3818E1BE80B0200700DAF /* YMAHostsProvider.m */,
			);
			path = Classes;
			sourceTree = "<group>";
		};
		CEC3812D1BE80B0200700DAF /* Models */ = {
			isa = PBXGroup;
			children = (
				CEC3812E1BE80B0200700DAF /* AccountInfo */,
				CEC381391BE80B0200700DAF /* PaymentProcess */,
			);
			path = Models;
			sourceTree = "<group>";
		};
		CEC3812E1BE80B0200700DAF /* AccountInfo */ = {
			isa = PBXGroup;
			children = (
				CEC3812F1BE80B0200700DAF /* YMAAccountInfoModel.h */,
				CEC381301BE80B0200700DAF /* YMAAccountInfoModel.m */,
				CEC381311BE80B0200700DAF /* YMAAvatarModel.h */,
				CEC381321BE80B0200700DAF /* YMAAvatarModel.m */,
				CEC381331BE80B0200700DAF /* YMABalanceDetailsModel.h */,
				CEC381341BE80B0200700DAF /* YMABalanceDetailsModel.m */,
				CEC381351BE80B0200700DAF /* YMAHistoryOperationModel.h */,
				CEC381361BE80B0200700DAF /* YMAHistoryOperationModel.m */,
				CEC381371BE80B0200700DAF /* YMAOperationDetailsModel.h */,
				CEC381381BE80B0200700DAF /* YMAOperationDetailsModel.m */,
			);
			path = AccountInfo;
			sourceTree = "<group>";
		};
		CEC381391BE80B0200700DAF /* PaymentProcess */ = {
			isa = PBXGroup;
			children = (
				CEC3813A1BE80B0200700DAF /* ExternalPayment */,
				CEC3813D1BE80B0200700DAF /* MoneySources */,
				CEC381461BE80B0200700DAF /* YMAAscModel.h */,
				CEC381471BE80B0200700DAF /* YMAAscModel.m */,
				CEC381481BE80B0200700DAF /* YMADigitalGoodsModel.h */,
				CEC381491BE80B0200700DAF /* YMADigitalGoodsModel.m */,
				CEC3814A1BE80B0200700DAF /* YMAGoodsModel.h */,
				CEC3814B1BE80B0200700DAF /* YMAGoodsModel.m */,
				CEC3814C1BE80B0200700DAF /* YMAPaymentInfoModel.h */,
				CEC3814D1BE80B0200700DAF /* YMAPaymentInfoModel.m */,
				CEC3814E1BE80B0200700DAF /* YMAPaymentResultModel.h */,
				CEC3814F1BE80B0200700DAF /* YMAPaymentResultModel.m */,
			);
			path = PaymentProcess;
			sourceTree = "<group>";
		};
		CEC3813A1BE80B0200700DAF /* ExternalPayment */ = {
			isa = PBXGroup;
			children = (
				CEC3813B1BE80B0200700DAF /* YMAExternalPaymentInfoModel.h */,
				CEC3813C1BE80B0200700DAF /* YMAExternalPaymentInfoModel.m */,
			);
			path = ExternalPayment;
			sourceTree = "<group>";
		};
		CEC3813D1BE80B0200700DAF /* MoneySources */ = {
			isa = PBXGroup;
			children = (
				CEC3813E1BE80B0200700DAF /* YMACardsSourceGroupModel.h */,
				CEC3813F1BE80B0200700DAF /* YMACardsSourceGroupModel.m */,
				CEC381401BE80B0200700DAF /* YMAMoneySourceModel.h */,
				CEC381411BE80B0200700DAF /* YMAMoneySourceModel.m */,
				CEC381421BE80B0200700DAF /* YMAMoneySourcesModel.h */,
				CEC381431BE80B0200700DAF /* YMAMoneySourcesModel.m */,
				CEC381441BE80B0200700DAF /* YMAWalletSourceGroupModel.h */,
				CEC381451BE80B0200700DAF /* YMAWalletSourceGroupModel.m */,
			);
			path = MoneySources;
			sourceTree = "<group>";
		};
		CEC381501BE80B0200700DAF /* Request */ = {
			isa = PBXGroup;
			children = (
				CEC381511BE80B0200700DAF /* AccountInfo */,
				CEC3815A1BE80B0200700DAF /* PaymentProcess */,
				CEC381681BE80B0200700DAF /* YMABaseRequest.h */,
				CEC381691BE80B0200700DAF /* YMABaseRequest.m */,
			);
			path = Request;
			sourceTree = "<group>";
		};
		CEC381511BE80B0200700DAF /* AccountInfo */ = {
			isa = PBXGroup;
			children = (
				CEC381521BE80B0200700DAF /* YMAAccountInfoRequest.h */,
				CEC381531BE80B0200700DAF /* YMAAccountInfoRequest.m */,
				CEC381541BE80B0200700DAF /* YMAChangeAvatarRequest.h */,
				CEC381551BE80B0200700DAF /* YMAChangeAvatarRequest.m */,
				CEC381561BE80B0200700DAF /* YMAHistoryOperationsRequest.h */,
				CEC381571BE80B0200700DAF /* YMAHistoryOperationsRequest.m */,
				CEC381581BE80B0200700DAF /* YMAOperationDetailsRequest.h */,
				CEC381591BE80B0200700DAF /* YMAOperationDetailsRequest.m */,
			);
			path = AccountInfo;
			sourceTree = "<group>";
		};
		CEC3815A1BE80B0200700DAF /* PaymentProcess */ = {
			isa = PBXGroup;
			children = (
				CEC3815B1BE80B0200700DAF /* ExternalPayment */,
				CEC381601BE80B0200700DAF /* YMAIncomingTransferAcceptRequest.h */,
				CEC381611BE80B0200700DAF /* YMAIncomingTransferAcceptRequest.m */,
				CEC381621BE80B0200700DAF /* YMAIncomingTransferRejectRequest.h */,
				CEC381631BE80B0200700DAF /* YMAIncomingTransferRejectRequest.m */,
				CEC381641BE80B0200700DAF /* YMAPaymentRequest.h */,
				CEC381651BE80B0200700DAF /* YMAPaymentRequest.m */,
				CEC381661BE80B0200700DAF /* YMAProcessPaymentRequest.h */,
				CEC381671BE80B0200700DAF /* YMAProcessPaymentRequest.m */,
			);
			path = PaymentProcess;
			sourceTree = "<group>";
		};
		CEC3815B1BE80B0200700DAF /* ExternalPayment */ = {
			isa = PBXGroup;
			children = (
				CEC3815C1BE80B0200700DAF /* YMAExternalPaymentRequest.h */,
				CEC3815D1BE80B0200700DAF /* YMAExternalPaymentRequest.m */,
				CEC3815E1BE80B0200700DAF /* YMAProcessExternalPaymentRequest.h */,
				CEC3815F1BE80B0200700DAF /* YMAProcessExternalPaymentRequest.m */,
			);
			path = ExternalPayment;
			sourceTree = "<group>";
		};
		CEC3816A1BE80B0200700DAF /* Response */ = {
			isa = PBXGroup;
			children = (
				CEC3816B1BE80B0200700DAF /* AccountInfo */,
				CEC381721BE80B0200700DAF /* PaymentProcess */,
				CEC3817E1BE80B0200700DAF /* YMABaseProcessResponse.h */,
				CEC3817F1BE80B0200700DAF /* YMABaseProcessResponse.m */,
				CEC381801BE80B0200700DAF /* YMABaseResponse.h */,
				CEC381811BE80B0200700DAF /* YMABaseResponse.m */,
			);
			path = Response;
			sourceTree = "<group>";
		};
		CEC3816B1BE80B0200700DAF /* AccountInfo */ = {
			isa = PBXGroup;
			children = (
				CEC3816C1BE80B0200700DAF /* YMAAccountInfoResponse.h */,
				CEC3816D1BE80B0200700DAF /* YMAAccountInfoResponse.m */,
				CEC3816E1BE80B0200700DAF /* YMAHistoryOperationsResponse.h */,
				CEC3816F1BE80B0200700DAF /* YMAHistoryOperationsResponse.m */,
				CEC381701BE80B0200700DAF /* YMAOperationDetailsResponse.h */,
				CEC381711BE80B0200700DAF /* YMAOperationDetailsResponse.m */,
			);
			path = AccountInfo;
			sourceTree = "<group>";
		};
		CEC381721BE80B0200700DAF /* PaymentProcess */ = {
			isa = PBXGroup;
			children = (
				CEC381731BE80B0200700DAF /* ExternalPayment */,
				CEC381781BE80B0200700DAF /* YMAIncomingTransferAcceptResponse.h */,
				CEC381791BE80B0200700DAF /* YMAIncomingTransferAcceptResponse.m */,
				CEC3817A1BE80B0200700DAF /* YMAPaymentResponse.h */,
				CEC3817B1BE80B0200700DAF /* YMAPaymentResponse.m */,
				CEC3817C1BE80B0200700DAF /* YMAProcessPaymentResponse.h */,
				CEC3817D1BE80B0200700DAF /* YMAProcessPaymentResponse.m */,
			);
			path = PaymentProcess;
			sourceTree = "<group>";
		};
		CEC381731BE80B0200700DAF /* ExternalPayment */ = {
			isa = PBXGroup;
			children = (
				CEC381741BE80B0200700DAF /* YMAExternalPaymentResponse.h */,
				CEC381751BE80B0200700DAF /* YMAExternalPaymentResponse.m */,
				CEC381761BE80B0200700DAF /* YMAProcessExternalPaymentResponse.h */,
				CEC381771BE80B0200700DAF /* YMAProcessExternalPaymentResponse.m */,
			);
			path = ExternalPayment;
			sourceTree = "<group>";
		};
		CEC381821BE80B0200700DAF /* Session */ = {
			isa = PBXGroup;
			children = (
				CEC381831BE80B0200700DAF /* YMAAPISession.h */,
				CEC381841BE80B0200700DAF /* YMAAPISession.m */,
				CEC381851BE80B0200700DAF /* YMABaseSession.h */,
				CEC381861BE80B0200700DAF /* YMABaseSession.m */,
				CEC381871BE80B0200700DAF /* YMAExternalPaymentSession.h */,
				CEC381881BE80B0200700DAF /* YMAExternalPaymentSession.m */,
			);
			path = Session;
			sourceTree = "<group>";
		};
		CED80B9E1BDCF67E00159505 /* Application */ = {
			isa = PBXGroup;
			children = (
				CEE7F4E11BE5642000683229 /* Presentation */,
			);
			path = Application;
			sourceTree = "<group>";
		};
		CEE7F4DF1BE5631A00683229 /* InfoPlist */ = {
			isa = PBXGroup;
			children = (
				36EBC183AA92723E5DD7A881 /* Info.plist */,
			);
			path = InfoPlist;
			sourceTree = "<group>";
		};
		CEE7F4E01BE5636500683229 /* Resources */ = {
			isa = PBXGroup;
			children = (
				36EBC94E75F1C9321B0A11AA /* Assets.xcassets */,
				36EBC0EBECF875FF0EC98DFB /* LaunchScreen.storyboard */,
				36EBC657364FF8A1D94BACDD /* Main.storyboard */,
			);
			path = Resources;
			sourceTree = "<group>";
		};
		CEE7F4E11BE5642000683229 /* Presentation */ = {
			isa = PBXGroup;
			children = (
				CEE7F4E31BE5646800683229 /* AuthorizationPage */,
				CE34B4DB1C07A33D00FABC44 /* Base */,
				CEF4BFE51C14F0F900DCA458 /* CircleImage */,
				CEE7F4E21BE5642900683229 /* LaunchPage */,
				CEE7F4E61BE564CE00683229 /* OperationHistoryPage */,
				CE34B4E41C0900E800FABC44 /* Spinner */,
				CEE7F4E41BE564AC00683229 /* StartPage */,
				CEE7F4E51BE564C200683229 /* WalletPage */,
			);
			path = Presentation;
			sourceTree = "<group>";
		};
		CEE7F4E21BE5642900683229 /* LaunchPage */ = {
			isa = PBXGroup;
			children = (
			);
			path = LaunchPage;
			sourceTree = "<group>";
		};
		CEE7F4E31BE5646800683229 /* AuthorizationPage */ = {
			isa = PBXGroup;
			children = (
				CED80B9F1BDD032500159505 /* YANAuthorizationViewController.h */,
				CED80BA01BDD032500159505 /* YANAuthorizationViewController.m */,
			);
			path = AuthorizationPage;
			sourceTree = "<group>";
		};
		CEE7F4E41BE564AC00683229 /* StartPage */ = {
			isa = PBXGroup;
			children = (
				36EBC7AB21378EEFB10EDA1A /* YANStartPageViewController.h */,
				36EBC21597D331BA35AC3424 /* YANStartPageViewController.m */,
			);
			path = StartPage;
			sourceTree = "<group>";
		};
		CEE7F4E51BE564C200683229 /* WalletPage */ = {
			isa = PBXGroup;
			children = (
				CED80BA21BDD05D600159505 /* YANWalletViewController.h */,
				CED80BA31BDD05D600159505 /* YANWalletViewController.m */,
			);
			path = WalletPage;
			sourceTree = "<group>";
		};
		CEE7F4E61BE564CE00683229 /* OperationHistoryPage */ = {
			isa = PBXGroup;
			children = (
				CEF7C33F1C0A831D0067EDD8 /* OperationTableCell */,
				CED80BA51BDD07AF00159505 /* YANOperationHistoryViewController.h */,
				CED80BA61BDD07AF00159505 /* YANOperationHistoryViewController.m */,
			);
			path = OperationHistoryPage;
			sourceTree = "<group>";
		};
		CEE7F4E71BE565DB00683229 /* Entities */ = {
			isa = PBXGroup;
			children = (
				36EBCE7ADB7F9D26CCE27571 /* YANBalance.h */,
				36EBC896DD3DB61BB53F1D76 /* YANBalance.m */,
				36EBCE60636C7417B7747425 /* YANCash.h */,
				36EBCCC518EADF7505E3B087 /* YANCash.m */,
				36EBCA0F94697E72E920E80A /* YANCashOperation.h */,
				36EBCAF01DB7118B006F36D8 /* YANCashOperation.m */,
				CE67FC5A1C183B6800A6A5F3 /* YMAAccountInfoModel+NSCoding.h */,
				CE67FC5B1C183B6800A6A5F3 /* YMAAccountInfoModel+NsCoding.m */,
				CEF4BFEB1C15A31D00DCA458 /* YMAHistoryOperationModel+NSCoding.h */,
				CEF4BFEC1C15A31D00DCA458 /* YMAHistoryOperationModel+NSCoding.m */,
			);
			path = Entities;
			sourceTree = "<group>";
		};
		CEE7F4E81BE5661B00683229 /* Services */ = {
			isa = PBXGroup;
			children = (
				36EBCA9B8150B91B57AEEE23 /* YANOperationHistory.h */,
				36EBCD4B3D6330D233FDA25B /* YANOperationHistory.m */,
			);
			path = Services;
			sourceTree = "<group>";
		};
		CEE7F4E91BE5665800683229 /* Ifrastructure */ = {
			isa = PBXGroup;
			children = (
				CE34B4D61C07891F00FABC44 /* Internet */,
				CE34B4D71C07894900FABC44 /* KeyStores */,
			);
			path = Ifrastructure;
			sourceTree = "<group>";
		};
		CEF4BFE51C14F0F900DCA458 /* CircleImage */ = {
			isa = PBXGroup;
			children = (
				CEF4BFE61C14F13D00DCA458 /* YANUICircleImageView.h */,
				CEF4BFE71C14F13D00DCA458 /* YANUICircleImageView.m */,
			);
			path = CircleImage;
			sourceTree = "<group>";
		};
		CEF7C33F1C0A831D0067EDD8 /* OperationTableCell */ = {
			isa = PBXGroup;
			children = (
				CEF7C3561C0AFE070067EDD8 /* OperationDateCell */,
				CEF7C3571C0AFE200067EDD8 /* OperationDetailsCell */,
			);
			path = OperationTableCell;
			sourceTree = "<group>";
		};
		CEF7C3561C0AFE070067EDD8 /* OperationDateCell */ = {
			isa = PBXGroup;
			children = (
				CEF7C3451C0A880B0067EDD8 /* YANOperationDateView+YMAHistoryOperationModel.h */,
				CEF7C3461C0A880B0067EDD8 /* YANOperationDateView+YMAHistoryOperationModel.m */,
				CEF7C3401C0A83BE0067EDD8 /* YANOperationDateView.h */,
				CEF7C3411C0A83BE0067EDD8 /* YANOperationDateView.m */,
				CEF7C3421C0A83BE0067EDD8 /* YANOperationDateView.xib */,
			);
			path = OperationDateCell;
			sourceTree = "<group>";
		};
		CEF7C3571C0AFE200067EDD8 /* OperationDetailsCell */ = {
			isa = PBXGroup;
			children = (
				CEF7C3551C0AFD2A0067EDD8 /* YANOperationDetailsView+YMAHistoryOperationModel.h */,
				CEF7C3531C0AFCD60067EDD8 /* YANOperationDetailsView+YMAHistoryOperationModel.m */,
				CEF7C34A1C0A96C90067EDD8 /* YANOperationDetailsView.h */,
				CEF7C34B1C0A96C90067EDD8 /* YANOperationDetailsView.m */,
				CEF7C34C1C0A96C90067EDD8 /* YANOperationDetailsView.xib */,
			);
			path = OperationDetailsCell;
			sourceTree = "<group>";
		};
		CEF7C35D1C0C59D80067EDD8 /* AFNetworking-master */ = {
			isa = PBXGroup;
			children = (
				CEF7C3611C0C59D80067EDD8 /* AFNetworking */,
				CEF7C3F81C0C59D90067EDD8 /* UIKit+AFNetworking */,
			);
			path = "AFNetworking-master";
			sourceTree = "<group>";
		};
		CEF7C3611C0C59D80067EDD8 /* AFNetworking */ = {
			isa = PBXGroup;
			children = (
				CEF7C3621C0C59D80067EDD8 /* AFHTTPRequestOperation.h */,
				CEF7C3631C0C59D80067EDD8 /* AFHTTPRequestOperation.m */,
				CEF7C3641C0C59D80067EDD8 /* AFHTTPRequestOperationManager.h */,
				CEF7C3651C0C59D80067EDD8 /* AFHTTPRequestOperationManager.m */,
				CEF7C3661C0C59D80067EDD8 /* AFHTTPSessionManager.h */,
				CEF7C3671C0C59D80067EDD8 /* AFHTTPSessionManager.m */,
				CEF7C3691C0C59D80067EDD8 /* AFNetworkReachabilityManager.h */,
				CEF7C36A1C0C59D80067EDD8 /* AFNetworkReachabilityManager.m */,
				CEF7C3681C0C59D80067EDD8 /* AFNetworking.h */,
				CEF7C36B1C0C59D80067EDD8 /* AFSecurityPolicy.h */,
				CEF7C36C1C0C59D80067EDD8 /* AFSecurityPolicy.m */,
				CEF7C36D1C0C59D80067EDD8 /* AFURLConnectionOperation.h */,
				CEF7C36E1C0C59D80067EDD8 /* AFURLConnectionOperation.m */,
				CEF7C36F1C0C59D80067EDD8 /* AFURLRequestSerialization.h */,
				CEF7C3701C0C59D80067EDD8 /* AFURLRequestSerialization.m */,
				CEF7C3711C0C59D80067EDD8 /* AFURLResponseSerialization.h */,
				CEF7C3721C0C59D80067EDD8 /* AFURLResponseSerialization.m */,
				CEF7C3731C0C59D80067EDD8 /* AFURLSessionManager.h */,
				CEF7C3741C0C59D80067EDD8 /* AFURLSessionManager.m */,
			);
			path = AFNetworking;
			sourceTree = "<group>";
		};
		CEF7C3F81C0C59D90067EDD8 /* UIKit+AFNetworking */ = {
			isa = PBXGroup;
			children = (
				CEF7C3F91C0C59D90067EDD8 /* AFNetworkActivityIndicatorManager.h */,
				CEF7C3FA1C0C59D90067EDD8 /* AFNetworkActivityIndicatorManager.m */,
				CEF7C3FB1C0C59D90067EDD8 /* UIActivityIndicatorView+AFNetworking.h */,
				CEF7C3FC1C0C59D90067EDD8 /* UIActivityIndicatorView+AFNetworking.m */,
				CEF7C3FD1C0C59D90067EDD8 /* UIAlertView+AFNetworking.h */,
				CEF7C3FE1C0C59D90067EDD8 /* UIAlertView+AFNetworking.m */,
				CEF7C3FF1C0C59D90067EDD8 /* UIButton+AFNetworking.h */,
				CEF7C4001C0C59D90067EDD8 /* UIButton+AFNetworking.m */,
				CEF7C4011C0C59D90067EDD8 /* UIImage+AFNetworking.h */,
				CEF7C4021C0C59D90067EDD8 /* UIImageView+AFNetworking.h */,
				CEF7C4031C0C59D90067EDD8 /* UIImageView+AFNetworking.m */,
				CEF7C4041C0C59D90067EDD8 /* UIKit+AFNetworking.h */,
				CEF7C4051C0C59D90067EDD8 /* UIProgressView+AFNetworking.h */,
				CEF7C4061C0C59D90067EDD8 /* UIProgressView+AFNetworking.m */,
				CEF7C4071C0C59D90067EDD8 /* UIRefreshControl+AFNetworking.h */,
				CEF7C4081C0C59D90067EDD8 /* UIRefreshControl+AFNetworking.m */,
				CEF7C4091C0C59D90067EDD8 /* UIWebView+AFNetworking.h */,
				CEF7C40A1C0C59D90067EDD8 /* UIWebView+AFNetworking.m */,
			);
			path = "UIKit+AFNetworking";
			sourceTree = "<group>";
		};
/* End PBXGroup section */

/* Begin PBXNativeTarget section */
		36EBC1988E84CEE77EF1FFB2 /* YMoneyUITests */ = {
			isa = PBXNativeTarget;
			buildConfigurationList = 36EBCE4A0B870E396D7D81D8 /* Build configuration list for PBXNativeTarget "YMoneyUITests" */;
			buildPhases = (
				36EBC3905E99AB74023A3210 /* Sources */,
				36EBCBD9F5A2964A4D4DF1C3 /* Frameworks */,
				36EBC5BCBCA8CE9BEF122C41 /* Resources */,
			);
			buildRules = (
			);
			dependencies = (
				36EBC8E4824D1BC6284B9B66 /* PBXTargetDependency */,
			);
			name = YMoneyUITests;
			productName = HomeWork1UITests;
			productReference = 36EBC00AAA552839EF148BDD /* YMoney.xctest */;
			productType = "com.apple.product-type.bundle.ui-testing";
		};
		36EBCDB9B3A5AD0AA8AD9F1F /* YMoney */ = {
			isa = PBXNativeTarget;
			buildConfigurationList = 36EBCC0AC233AFBDA39975A6 /* Build configuration list for PBXNativeTarget "YMoney" */;
			buildPhases = (
				36EBC6CEFCDD4A657B149DB6 /* Sources */,
				36EBCCC861A055BB37E92774 /* Frameworks */,
				36EBC6B855E89BCA8746FB38 /* Resources */,
			);
			buildRules = (
			);
			dependencies = (
			);
			name = YMoney;
			productName = HomeWork1;
			productReference = 36EBC7C44C90513F55016D16 /* YMoney.app */;
			productType = "com.apple.product-type.application";
		};
		36EBCF25253588D21457D3BE /* YMoneyTests */ = {
			isa = PBXNativeTarget;
			buildConfigurationList = 36EBCF5E73A1AA5B5DEB6722 /* Build configuration list for PBXNativeTarget "YMoneyTests" */;
			buildPhases = (
				36EBC5B37F253E92FB5D13BA /* Sources */,
				36EBCEB9364FB6DDDEC4F8FC /* Frameworks */,
				36EBC5BD599F75EB940DF7C6 /* Resources */,
			);
			buildRules = (
			);
			dependencies = (
				36EBCB43DF94AC5B7E68425B /* PBXTargetDependency */,
			);
			name = YMoneyTests;
			productName = HomeWork1Tests;
			productReference = 36EBCE702E9BD62F1A17CB73 /* YMoney.xctest */;
			productType = "com.apple.product-type.bundle.unit-test";
		};
		CE011B1A1BE56BE100D820A3 /* YMoneyTest */ = {
			isa = PBXNativeTarget;
			buildConfigurationList = CE011B221BE56BE100D820A3 /* Build configuration list for PBXNativeTarget "YMoneyTest" */;
			buildPhases = (
				CE011B171BE56BE100D820A3 /* Sources */,
				CE011B181BE56BE100D820A3 /* Frameworks */,
				CE011B191BE56BE100D820A3 /* Resources */,
			);
			buildRules = (
			);
			dependencies = (
				CE011B211BE56BE100D820A3 /* PBXTargetDependency */,
			);
			name = YMoneyTest;
			productName = YMoneyTest;
			productReference = CE011B1B1BE56BE100D820A3 /* YMoneyTest.xctest */;
			productType = "com.apple.product-type.bundle.unit-test";
		};
/* End PBXNativeTarget section */

/* Begin PBXProject section */
		36EBC73C5D66AF6B00CAE276 /* Project object */ = {
			isa = PBXProject;
			attributes = {
				LastSwiftUpdateCheck = 0710;
				LastUpgradeCheck = 0700;
				ORGANIZATIONNAME = DMA;
				TargetAttributes = {
					36EBCDB9B3A5AD0AA8AD9F1F = {
						DevelopmentTeam = HHL7MPZ557;
					};
					CE011B1A1BE56BE100D820A3 = {
						CreatedOnToolsVersion = 7.1;
						DevelopmentTeam = HHL7MPZ557;
						TestTargetID = 36EBCDB9B3A5AD0AA8AD9F1F;
					};
				};
			};
			buildConfigurationList = 36EBC4ADEEF3C25131ED4C39 /* Build configuration list for PBXProject "YMoney" */;
			compatibilityVersion = "Xcode 3.2";
			developmentRegion = English;
			hasScannedForEncodings = 0;
			knownRegions = (
				en,
				Base,
			);
			mainGroup = 36EBCC89866B793A0110D134;
			productRefGroup = 36EBC1C1A9A48AAAB8031E8E /* Products */;
			projectDirPath = "";
			projectRoot = "";
			targets = (
				36EBCDB9B3A5AD0AA8AD9F1F /* YMoney */,
				36EBCF25253588D21457D3BE /* YMoneyTests */,
				36EBC1988E84CEE77EF1FFB2 /* YMoneyUITests */,
				CE011B1A1BE56BE100D820A3 /* YMoneyTest */,
			);
		};
/* End PBXProject section */

/* Begin PBXResourcesBuildPhase section */
		36EBC5BCBCA8CE9BEF122C41 /* Resources */ = {
			isa = PBXResourcesBuildPhase;
			buildActionMask = 2147483647;
			files = (
			);
			runOnlyForDeploymentPostprocessing = 0;
		};
		36EBC5BD599F75EB940DF7C6 /* Resources */ = {
			isa = PBXResourcesBuildPhase;
			buildActionMask = 2147483647;
			files = (
			);
			runOnlyForDeploymentPostprocessing = 0;
		};
		36EBC6B855E89BCA8746FB38 /* Resources */ = {
			isa = PBXResourcesBuildPhase;
			buildActionMask = 2147483647;
			files = (
				36EBCEE936089F9998CD6898 /* Assets.xcassets in Resources */,
				36EBCF28D222BDCDAAC7BD11 /* LaunchScreen.storyboard in Resources */,
				36EBC2E951E0867145D36DFD /* Main.storyboard in Resources */,
				CEF7C34E1C0A96C90067EDD8 /* YANOperationDetailsView.xib in Resources */,
				CEF7C3441C0A83BE0067EDD8 /* YANOperationDateView.xib in Resources */,
			);
			runOnlyForDeploymentPostprocessing = 0;
		};
		CE011B191BE56BE100D820A3 /* Resources */ = {
			isa = PBXResourcesBuildPhase;
			buildActionMask = 2147483647;
			files = (
			);
			runOnlyForDeploymentPostprocessing = 0;
		};
/* End PBXResourcesBuildPhase section */

/* Begin PBXSourcesBuildPhase section */
		36EBC3905E99AB74023A3210 /* Sources */ = {
			isa = PBXSourcesBuildPhase;
			buildActionMask = 2147483647;
			files = (
				36EBC5067916594F6FB51B84 /* YANYMoneyUITests.m in Sources */,
			);
			runOnlyForDeploymentPostprocessing = 0;
		};
		36EBC5B37F253E92FB5D13BA /* Sources */ = {
			isa = PBXSourcesBuildPhase;
			buildActionMask = 2147483647;
			files = (
				CE011B161BE56B9000D820A3 /* YANCashOperation.m in Sources */,
				CE011B151BE56B8C00D820A3 /* YANBalance.m in Sources */,
				CE011B141BE56B8700D820A3 /* YANCash.m in Sources */,
				CE97936E1C03CEAF00DAC14B /* YANYandexMoneyServer.m in Sources */,
				36EBC2C9CD84E5A2FB92E97B /* YANOperationHistory.m in Sources */,
			);
			runOnlyForDeploymentPostprocessing = 0;
		};
		36EBC6CEFCDD4A657B149DB6 /* Sources */ = {
			isa = PBXSourcesBuildPhase;
			buildActionMask = 2147483647;
			files = (
				CEC381FC1BE80B0200700DAF /* YMAAccountInfoResponse.m in Sources */,
				CEF7C3471C0A880B0067EDD8 /* YANOperationDateView+YMAHistoryOperationModel.m in Sources */,
				CEC381F41BE80B0200700DAF /* YMAOperationDetailsRequest.m in Sources */,
				CEF7C46A1C0C59DA0067EDD8 /* UIAlertView+AFNetworking.m in Sources */,
				CEC381F61BE80B0200700DAF /* YMAProcessExternalPaymentRequest.m in Sources */,
				CEC381E51BE80B0200700DAF /* YMAHistoryOperationModel.m in Sources */,
				CED80BA11BDD032500159505 /* YANAuthorizationViewController.m in Sources */,
				CEF7C4681C0C59DA0067EDD8 /* AFNetworkActivityIndicatorManager.m in Sources */,
				36EBC619A519F9AE23BEA870 /* main.m in Sources */,
				CEC381FF1BE80B0200700DAF /* YMAExternalPaymentResponse.m in Sources */,
				CEC381F21BE80B0200700DAF /* YMAChangeAvatarRequest.m in Sources */,
				CEF4BFDF1C106D0100DCA458 /* SwiftSpinner.swift in Sources */,
				CEC381FB1BE80B0200700DAF /* YMABaseRequest.m in Sources */,
				CE97936D1C03CEAF00DAC14B /* YANYandexMoneyServer.m in Sources */,
				CEC381E91BE80B0200700DAF /* YMAMoneySourceModel.m in Sources */,
				CEC381FD1BE80B0200700DAF /* YMAHistoryOperationsResponse.m in Sources */,
				CEF7C4101C0C59D90067EDD8 /* AFHTTPSessionManager.m in Sources */,
				CEF7C4131C0C59D90067EDD8 /* AFURLConnectionOperation.m in Sources */,
				CE34B4EA1C0901A700FABC44 /* CustomSpinner.m in Sources */,
				CEC381FA1BE80B0200700DAF /* YMAProcessPaymentRequest.m in Sources */,
				CEC381EC1BE80B0200700DAF /* YMAAscModel.m in Sources */,
				CEC382061BE80B0200700DAF /* YMAAPISession.m in Sources */,
				CEC381E41BE80B0200700DAF /* YMABalanceDetailsModel.m in Sources */,
				CEC381EB1BE80B0200700DAF /* YMAWalletSourceGroupModel.m in Sources */,
				36EBCCFC2EB1AEDB91E4B3BB /* YANAppDelegate.m in Sources */,
				CEF7C3541C0AFCD60067EDD8 /* YANOperationDetailsView+YMAHistoryOperationModel.m in Sources */,
				CEF7C46D1C0C59DA0067EDD8 /* UIProgressView+AFNetworking.m in Sources */,
				CEC382021BE80B0200700DAF /* YMAPaymentResponse.m in Sources */,
				CED80BA41BDD05D600159505 /* YANWalletViewController.m in Sources */,
				CEF7C4121C0C59D90067EDD8 /* AFSecurityPolicy.m in Sources */,
				CEA4746E1BFCE22B0073960E /* NSException+POSRx.m in Sources */,
				CEC382091BE80B0200700DAF /* YMAConnection.m in Sources */,
				CEC382001BE80B0200700DAF /* YMAProcessExternalPaymentResponse.m in Sources */,
				CEC381F51BE80B0200700DAF /* YMAExternalPaymentRequest.m in Sources */,
				CEC381EA1BE80B0200700DAF /* YMAMoneySourcesModel.m in Sources */,
				CEC381F71BE80B0200700DAF /* YMAIncomingTransferAcceptRequest.m in Sources */,
				CE67FC591C1829F400A6A5F3 /* YANHashStorage.m in Sources */,
				CEC382041BE80B0200700DAF /* YMABaseProcessResponse.m in Sources */,
				CEF7C4691C0C59DA0067EDD8 /* UIActivityIndicatorView+AFNetworking.m in Sources */,
				36EBC2E520AE7E540AAD0202 /* YANStartPageViewController.m in Sources */,
				36EBC548FAD4F91CCBBF9698 /* YANCash.m in Sources */,
				CEC381E81BE80B0200700DAF /* YMACardsSourceGroupModel.m in Sources */,
				CE67FC5C1C183B6800A6A5F3 /* YMAAccountInfoModel+NsCoding.m in Sources */,
				CEC3820B1BE80B0200700DAF /* YMAHostsProvider.m in Sources */,
				CEF7C46B1C0C59DA0067EDD8 /* UIButton+AFNetworking.m in Sources */,
				CEC381F91BE80B0200700DAF /* YMAPaymentRequest.m in Sources */,
				CEF7C46F1C0C59DA0067EDD8 /* UIWebView+AFNetworking.m in Sources */,
				CED80BA71BDD07AF00159505 /* YANOperationHistoryViewController.m in Sources */,
				36EBCFFCBCEFCB36B6305DBE /* YANBalance.m in Sources */,
				CEF7C40F1C0C59D90067EDD8 /* AFHTTPRequestOperationManager.m in Sources */,
				CEF700651BE9695D00980D2D /* YANKeyStorage.m in Sources */,
				CEF7C46E1C0C59DA0067EDD8 /* UIRefreshControl+AFNetworking.m in Sources */,
				CEF7C4161C0C59D90067EDD8 /* AFURLSessionManager.m in Sources */,
				CEC381ED1BE80B0200700DAF /* YMADigitalGoodsModel.m in Sources */,
				CEF7C34D1C0A96C90067EDD8 /* YANOperationDetailsView.m in Sources */,
				CEC381E21BE80B0200700DAF /* YMAAccountInfoModel.m in Sources */,
				CEF7C4151C0C59D90067EDD8 /* AFURLResponseSerialization.m in Sources */,
				CEF7C3431C0A83BE0067EDD8 /* YANOperationDateView.m in Sources */,
				CEF4BFEF1C16280800DCA458 /* YMAHistoryOperationModel+NSCoding.m in Sources */,
				CEC382011BE80B0200700DAF /* YMAIncomingTransferAcceptResponse.m in Sources */,
				CEF7C46C1C0C59DA0067EDD8 /* UIImageView+AFNetworking.m in Sources */,
				CEC3820A1BE80B0200700DAF /* YMAConstants.m in Sources */,
				CEC382071BE80B0200700DAF /* YMABaseSession.m in Sources */,
				CEC381F31BE80B0200700DAF /* YMAHistoryOperationsRequest.m in Sources */,
				CEF4BFE81C14F13D00DCA458 /* YANUICircleImageView.m in Sources */,
				36EBC0E5AFC696A4CD9BB7CB /* YANCashOperation.m in Sources */,
				CEC382031BE80B0200700DAF /* YMAProcessPaymentResponse.m in Sources */,
				CEC381EF1BE80B0200700DAF /* YMAPaymentInfoModel.m in Sources */,
				CEC381F81BE80B0200700DAF /* YMAIncomingTransferRejectRequest.m in Sources */,
				CEC382081BE80B0200700DAF /* YMAExternalPaymentSession.m in Sources */,
				CEF7C40E1C0C59D90067EDD8 /* AFHTTPRequestOperation.m in Sources */,
				CEF7C4141C0C59D90067EDD8 /* AFURLRequestSerialization.m in Sources */,
				CE34B4DE1C07A38F00FABC44 /* YANBaseUIViewController.m in Sources */,
				CEC381FE1BE80B0200700DAF /* YMAOperationDetailsResponse.m in Sources */,
				CEC381EE1BE80B0200700DAF /* YMAGoodsModel.m in Sources */,
				CEC381E31BE80B0200700DAF /* YMAAvatarModel.m in Sources */,
				CEC381F11BE80B0200700DAF /* YMAAccountInfoRequest.m in Sources */,
				CEC381E71BE80B0200700DAF /* YMAExternalPaymentInfoModel.m in Sources */,
				CEF7C4111C0C59D90067EDD8 /* AFNetworkReachabilityManager.m in Sources */,
				CEC381E61BE80B0200700DAF /* YMAOperationDetailsModel.m in Sources */,
				CEC381F01BE80B0200700DAF /* YMAPaymentResultModel.m in Sources */,
				36EBC9C230023E55BFBFB14E /* YANOperationHistory.m in Sources */,
				CEC382051BE80B0200700DAF /* YMABaseResponse.m in Sources */,
			);
			runOnlyForDeploymentPostprocessing = 0;
		};
		CE011B171BE56BE100D820A3 /* Sources */ = {
			isa = PBXSourcesBuildPhase;
			buildActionMask = 2147483647;
			files = (
				CE011B1E1BE56BE100D820A3 /* YMoneyTest.m in Sources */,
			);
			runOnlyForDeploymentPostprocessing = 0;
		};
/* End PBXSourcesBuildPhase section */

/* Begin PBXTargetDependency section */
		36EBC8E4824D1BC6284B9B66 /* PBXTargetDependency */ = {
			isa = PBXTargetDependency;
			target = 36EBCDB9B3A5AD0AA8AD9F1F /* YMoney */;
			targetProxy = 36EBC75EC47CB8499FFA9CD1 /* PBXContainerItemProxy */;
		};
		36EBCB43DF94AC5B7E68425B /* PBXTargetDependency */ = {
			isa = PBXTargetDependency;
			target = 36EBCDB9B3A5AD0AA8AD9F1F /* YMoney */;
			targetProxy = 36EBC083411CABA5E7135D84 /* PBXContainerItemProxy */;
		};
		CE011B211BE56BE100D820A3 /* PBXTargetDependency */ = {
			isa = PBXTargetDependency;
			target = 36EBCDB9B3A5AD0AA8AD9F1F /* YMoney */;
			targetProxy = CE011B201BE56BE100D820A3 /* PBXContainerItemProxy */;
		};
/* End PBXTargetDependency section */

/* Begin PBXVariantGroup section */
		36EBC0EBECF875FF0EC98DFB /* LaunchScreen.storyboard */ = {
			isa = PBXVariantGroup;
			children = (
				36EBC62C8ECD757606340326 /* Base */,
			);
			name = LaunchScreen.storyboard;
			path = .;
			sourceTree = "<group>";
		};
		36EBC657364FF8A1D94BACDD /* Main.storyboard */ = {
			isa = PBXVariantGroup;
			children = (
				36EBCC8E13ED1129E3BBBA13 /* Base */,
			);
			name = Main.storyboard;
			path = .;
			sourceTree = "<group>";
		};
/* End PBXVariantGroup section */

/* Begin XCBuildConfiguration section */
		36EBC126E0150186483F154E /* Release */ = {
			isa = XCBuildConfiguration;
			buildSettings = {
				BUNDLE_LOADER = "$(BUILT_PRODUCTS_DIR)/HomeWork1.app/HomeWork1";
				INFOPLIST_FILE = YMoneyUITests/Info.plist;
				LD_RUNPATH_SEARCH_PATHS = "$(inherited) @executable_path/Frameworks @loader_path/Frameworks";
				PRODUCT_BUNDLE_IDENTIFIER = DmitriyMalykh.HomeWork1UITests;
				PRODUCT_NAME = YMoney;
				TEST_HOST = "$(BUNDLE_LOADER)";
			};
			name = Release;
		};
		36EBC1C8576235B3684B9D32 /* Release */ = {
			isa = XCBuildConfiguration;
			buildSettings = {
				ASSETCATALOG_COMPILER_APPICON_NAME = AppIcon;
				CLANG_ENABLE_MODULES = YES;
				CODE_SIGN_IDENTITY = "iPhone Developer";
				"CODE_SIGN_IDENTITY[sdk=iphoneos*]" = "iPhone Developer";
				INFOPLIST_FILE = InfoPlist/Info.plist;
				IPHONEOS_DEPLOYMENT_TARGET = 8.0;
				LD_RUNPATH_SEARCH_PATHS = "$(inherited) @executable_path/Frameworks";
				PRODUCT_BUNDLE_IDENTIFIER = DmitriyMalykh.HomeWork1;
				PRODUCT_NAME = YMoney;
				PROVISIONING_PROFILE = "";
				SWIFT_OBJC_BRIDGING_HEADER = "Sources/Application/Presentation/Spinner/YMoney-Bridging-Header.h";
			};
			name = Release;
		};
		36EBC546615E0493070ADD24 /* Debug */ = {
			isa = XCBuildConfiguration;
			buildSettings = {
				ASSETCATALOG_COMPILER_APPICON_NAME = AppIcon;
				CLANG_ENABLE_MODULES = YES;
				CODE_SIGN_IDENTITY = "iPhone Developer";
				"CODE_SIGN_IDENTITY[sdk=iphoneos*]" = "iPhone Developer";
				INFOPLIST_FILE = InfoPlist/Info.plist;
				IPHONEOS_DEPLOYMENT_TARGET = 8.0;
				LD_RUNPATH_SEARCH_PATHS = "$(inherited) @executable_path/Frameworks";
				PRODUCT_BUNDLE_IDENTIFIER = DmitriyMalykh.HomeWork1;
				PRODUCT_NAME = YMoney;
				PROVISIONING_PROFILE = "";
				SWIFT_OBJC_BRIDGING_HEADER = "Sources/Application/Presentation/Spinner/YMoney-Bridging-Header.h";
				SWIFT_OPTIMIZATION_LEVEL = "-Onone";
			};
			name = Debug;
		};
		36EBC5BAAF6830DDA1902C12 /* Debug */ = {
			isa = XCBuildConfiguration;
			buildSettings = {
				ALWAYS_SEARCH_USER_PATHS = NO;
				CLANG_CXX_LANGUAGE_STANDARD = "gnu++0x";
				CLANG_CXX_LIBRARY = "libc++";
				CLANG_ENABLE_MODULES = YES;
				CLANG_ENABLE_OBJC_ARC = YES;
				CLANG_WARN_BOOL_CONVERSION = YES;
				CLANG_WARN_CONSTANT_CONVERSION = YES;
				CLANG_WARN_DIRECT_OBJC_ISA_USAGE = YES_ERROR;
				CLANG_WARN_EMPTY_BODY = YES;
				CLANG_WARN_ENUM_CONVERSION = YES;
				CLANG_WARN_INT_CONVERSION = YES;
				CLANG_WARN_OBJC_ROOT_CLASS = YES_ERROR;
				CLANG_WARN_UNREACHABLE_CODE = YES;
				CLANG_WARN__DUPLICATE_METHOD_MATCH = YES;
				"CODE_SIGN_IDENTITY[sdk=iphoneos*]" = "iPhone Developer";
				COPY_PHASE_STRIP = NO;
				DEBUG_INFORMATION_FORMAT = dwarf;
				ENABLE_STRICT_OBJC_MSGSEND = YES;
				ENABLE_TESTABILITY = YES;
				GCC_C_LANGUAGE_STANDARD = gnu99;
				GCC_DYNAMIC_NO_PIC = NO;
				GCC_NO_COMMON_BLOCKS = YES;
				GCC_OPTIMIZATION_LEVEL = 0;
				GCC_PREPROCESSOR_DEFINITIONS = (
					"DEBUG=1",
					"$(inherited)",
				);
				GCC_WARN_64_TO_32_BIT_CONVERSION = YES;
				GCC_WARN_ABOUT_RETURN_TYPE = YES_ERROR;
				GCC_WARN_UNDECLARED_SELECTOR = YES;
				GCC_WARN_UNINITIALIZED_AUTOS = YES_AGGRESSIVE;
				GCC_WARN_UNUSED_FUNCTION = YES;
				GCC_WARN_UNUSED_VARIABLE = YES;
				IPHONEOS_DEPLOYMENT_TARGET = 9.0;
				MTL_ENABLE_DEBUG_INFO = YES;
				ONLY_ACTIVE_ARCH = YES;
				SDKROOT = iphoneos;
			};
			name = Debug;
		};
		36EBCA7BE8D60D4820FBD6BA /* Release */ = {
			isa = XCBuildConfiguration;
			buildSettings = {
				ALWAYS_SEARCH_USER_PATHS = NO;
				CLANG_CXX_LANGUAGE_STANDARD = "gnu++0x";
				CLANG_CXX_LIBRARY = "libc++";
				CLANG_ENABLE_MODULES = YES;
				CLANG_ENABLE_OBJC_ARC = YES;
				CLANG_WARN_BOOL_CONVERSION = YES;
				CLANG_WARN_CONSTANT_CONVERSION = YES;
				CLANG_WARN_DIRECT_OBJC_ISA_USAGE = YES_ERROR;
				CLANG_WARN_EMPTY_BODY = YES;
				CLANG_WARN_ENUM_CONVERSION = YES;
				CLANG_WARN_INT_CONVERSION = YES;
				CLANG_WARN_OBJC_ROOT_CLASS = YES_ERROR;
				CLANG_WARN_UNREACHABLE_CODE = YES;
				CLANG_WARN__DUPLICATE_METHOD_MATCH = YES;
				"CODE_SIGN_IDENTITY[sdk=iphoneos*]" = "iPhone Developer";
				COPY_PHASE_STRIP = NO;
				DEBUG_INFORMATION_FORMAT = "dwarf-with-dsym";
				ENABLE_NS_ASSERTIONS = NO;
				ENABLE_STRICT_OBJC_MSGSEND = YES;
				GCC_C_LANGUAGE_STANDARD = gnu99;
				GCC_NO_COMMON_BLOCKS = YES;
				GCC_WARN_64_TO_32_BIT_CONVERSION = YES;
				GCC_WARN_ABOUT_RETURN_TYPE = YES_ERROR;
				GCC_WARN_UNDECLARED_SELECTOR = YES;
				GCC_WARN_UNINITIALIZED_AUTOS = YES_AGGRESSIVE;
				GCC_WARN_UNUSED_FUNCTION = YES;
				GCC_WARN_UNUSED_VARIABLE = YES;
				IPHONEOS_DEPLOYMENT_TARGET = 9.0;
				MTL_ENABLE_DEBUG_INFO = NO;
				SDKROOT = iphoneos;
				VALIDATE_PRODUCT = YES;
			};
			name = Release;
		};
		36EBCD2DDADBF2E612104B71 /* Debug */ = {
			isa = XCBuildConfiguration;
			buildSettings = {
				BUNDLE_LOADER = "$(BUILT_PRODUCTS_DIR)/HomeWork1.app/HomeWork1";
				INFOPLIST_FILE = HomeWork1Tests/Info.plist;
				LD_RUNPATH_SEARCH_PATHS = "$(inherited) @executable_path/Frameworks @loader_path/Frameworks";
				PRODUCT_BUNDLE_IDENTIFIER = DmitriyMalykh.HomeWork1Tests;
				PRODUCT_NAME = YMoney;
				TEST_HOST = "$(BUNDLE_LOADER)";
			};
			name = Debug;
		};
		36EBCE8AB7C62331809BADBB /* Debug */ = {
			isa = XCBuildConfiguration;
			buildSettings = {
				BUNDLE_LOADER = "$(BUILT_PRODUCTS_DIR)/HomeWork1.app/HomeWork1";
				INFOPLIST_FILE = YMoneyUITests/Info.plist;
				LD_RUNPATH_SEARCH_PATHS = "$(inherited) @executable_path/Frameworks @loader_path/Frameworks";
				PRODUCT_BUNDLE_IDENTIFIER = DmitriyMalykh.HomeWork1UITests;
				PRODUCT_NAME = YMoney;
				TEST_HOST = "$(BUNDLE_LOADER)";
			};
			name = Debug;
		};
		36EBCEDE8185DB7DD0FB8015 /* Release */ = {
			isa = XCBuildConfiguration;
			buildSettings = {
				BUNDLE_LOADER = "$(BUILT_PRODUCTS_DIR)/HomeWork1.app/HomeWork1";
				INFOPLIST_FILE = HomeWork1Tests/Info.plist;
				LD_RUNPATH_SEARCH_PATHS = "$(inherited) @executable_path/Frameworks @loader_path/Frameworks";
				PRODUCT_BUNDLE_IDENTIFIER = DmitriyMalykh.HomeWork1Tests;
				PRODUCT_NAME = YMoney;
				TEST_HOST = "$(BUNDLE_LOADER)";
			};
			name = Release;
		};
		CE011B231BE56BE100D820A3 /* Debug */ = {
			isa = XCBuildConfiguration;
			buildSettings = {
				BUNDLE_LOADER = "$(TEST_HOST)";
				INFOPLIST_FILE = YMoneyTest/Info.plist;
				IPHONEOS_DEPLOYMENT_TARGET = 9.1;
				LD_RUNPATH_SEARCH_PATHS = "$(inherited) @executable_path/Frameworks @loader_path/Frameworks";
				PRODUCT_BUNDLE_IDENTIFIER = "-1.YMoneyTest";
				PRODUCT_NAME = "$(TARGET_NAME)";
				TEST_HOST = "$(BUILT_PRODUCTS_DIR)/YMoney.app/YMoney";
			};
			name = Debug;
		};
		CE011B241BE56BE100D820A3 /* Release */ = {
			isa = XCBuildConfiguration;
			buildSettings = {
				BUNDLE_LOADER = "$(TEST_HOST)";
				INFOPLIST_FILE = YMoneyTest/Info.plist;
				IPHONEOS_DEPLOYMENT_TARGET = 9.1;
				LD_RUNPATH_SEARCH_PATHS = "$(inherited) @executable_path/Frameworks @loader_path/Frameworks";
				PRODUCT_BUNDLE_IDENTIFIER = "-1.YMoneyTest";
				PRODUCT_NAME = "$(TARGET_NAME)";
				TEST_HOST = "$(BUILT_PRODUCTS_DIR)/YMoney.app/YMoney";
			};
			name = Release;
		};
/* End XCBuildConfiguration section */

/* Begin XCConfigurationList section */
		36EBC4ADEEF3C25131ED4C39 /* Build configuration list for PBXProject "YMoney" */ = {
			isa = XCConfigurationList;
			buildConfigurations = (
				36EBC5BAAF6830DDA1902C12 /* Debug */,
				36EBCA7BE8D60D4820FBD6BA /* Release */,
			);
			defaultConfigurationIsVisible = 0;
			defaultConfigurationName = Release;
		};
		36EBCC0AC233AFBDA39975A6 /* Build configuration list for PBXNativeTarget "YMoney" */ = {
			isa = XCConfigurationList;
			buildConfigurations = (
				36EBC546615E0493070ADD24 /* Debug */,
				36EBC1C8576235B3684B9D32 /* Release */,
			);
			defaultConfigurationIsVisible = 0;
			defaultConfigurationName = Release;
		};
		36EBCE4A0B870E396D7D81D8 /* Build configuration list for PBXNativeTarget "YMoneyUITests" */ = {
			isa = XCConfigurationList;
			buildConfigurations = (
				36EBCE8AB7C62331809BADBB /* Debug */,
				36EBC126E0150186483F154E /* Release */,
			);
			defaultConfigurationIsVisible = 0;
			defaultConfigurationName = Release;
		};
		36EBCF5E73A1AA5B5DEB6722 /* Build configuration list for PBXNativeTarget "YMoneyTests" */ = {
			isa = XCConfigurationList;
			buildConfigurations = (
				36EBCD2DDADBF2E612104B71 /* Debug */,
				36EBCEDE8185DB7DD0FB8015 /* Release */,
			);
			defaultConfigurationIsVisible = 0;
			defaultConfigurationName = Release;
		};
		CE011B221BE56BE100D820A3 /* Build configuration list for PBXNativeTarget "YMoneyTest" */ = {
			isa = XCConfigurationList;
			buildConfigurations = (
				CE011B231BE56BE100D820A3 /* Debug */,
				CE011B241BE56BE100D820A3 /* Release */,
			);
			defaultConfigurationIsVisible = 0;
			defaultConfigurationName = Release;
		};
/* End XCConfigurationList section */
	};
	rootObject = 36EBC73C5D66AF6B00CAE276 /* Project object */;
}
