<?xml version="1.0" encoding="UTF-8"?>
<Scheme
   version = "1.3">
   <BuildAction>
      <BuildActionEntries>
         <BuildActionEntry
            buildForRunning = "YES">
            <BuildableReference
               BuildableIdentifier = "primary"
               BlueprintIdentifier = "36EBCDB9B3A5AD0AA8AD9F1F"
               BuildableName = "HomeWork1.app"
               BlueprintName = "HomeWork1"
               ReferencedContainer = "container:HomeWork1.xcodeproj">
            </BuildableReference>
         </BuildActionEntry>
      </BuildActionEntries>
   </BuildAction>
   <LaunchAction
      useCustomWorkingDirectory = "NO"
      buildConfiguration = "Debug">
      <BuildableProductRunnable>
         <BuildableReference
            BuildableIdentifier = "primary"
            BlueprintIdentifier = "36EBCDB9B3A5AD0AA8AD9F1F"
            BuildableName = "HomeWork1.app"
            BlueprintName = "HomeWork1"
            ReferencedContainer = "container:HomeWork1.xcodeproj">
         </BuildableReference>
      </BuildableProductRunnable>
   </LaunchAction>
</Scheme>
